lockfileVersion: 5.3

specifiers:
  mjml: ^4.6.3

dependencies:
  mjml: 4.9.1

packages:

  /@babel/runtime/7.13.17:
    resolution: {integrity: sha512-NCdgJEelPTSh+FEFylhnP1ylq848l1z9t9N0j1Lfbcw0+KXGjsTvUmkxy+voLLXB5SOKMbLLx4jxYliGrYQseA==}
    dependencies:
      regenerator-runtime: 0.13.7
    dev: false

  /@types/node/14.14.41:
    resolution: {integrity: sha512-dueRKfaJL4RTtSa7bWeTK1M+VH+Gns73oCgzvYfHZywRCoPSd8EkXBL0mZ9unPTveBn+D9phZBaxuzpwjWkW0g==}
    dev: false

  /abbrev/1.1.1:
    resolution: {integrity: sha512-nne9/IiQ/hzIhY6pdDnbBtz7DjPTKrY00P/zvPSm5pOFkl6xuGrGnXn/VtTNNfNtAfZ9/1RtehkszU9qcTii0Q==}
    dev: false

  /ansi-colors/4.1.1:
    resolution: {integrity: sha512-JoX0apGbHaUJBNl6yF+p6JAFYZ666/hhCGKN5t9QFjbJQKUU/g8MNbFDbvfrgKXvI1QpZplPOnwIo99lX/AAmA==}
    engines: {node: '>=6'}
    dev: false

  /ansi-regex/5.0.0:
    resolution: {integrity: sha512-bY6fj56OUQ0hU1KjFNDQuJFezqKdrAyFdIevADiqrWHwSlbmBNMHp5ak2f40Pm8JTFyM2mqxkG6ngkHO11f/lg==}
    engines: {node: '>=8'}
    dev: false

  /ansi-styles/4.3.0:
    resolution: {integrity: sha512-zbB9rCJAT1rbjiVDb2hqKFHNYLxgtk8NURxZ3IZwD3F6NtxbXZQCnnSi1Lkx+IDohdPlFp222wVALIheZJQSEg==}
    engines: {node: '>=8'}
    dependencies:
      color-convert: 2.0.1
    dev: false

  /anymatch/3.1.2:
    resolution: {integrity: sha512-P43ePfOAIupkguHUycrc4qJ9kz8ZiuOUijaETwX7THt0Y/GNK7v0aa8rY816xWjZ7rJdA5XdMcpVFTKMq+RvWg==}
    engines: {node: '>= 8'}
    dependencies:
      normalize-path: 3.0.0
      picomatch: 2.2.3
    dev: false

  /balanced-match/1.0.2:
    resolution: {integrity: sha512-3oSeUO0TMV67hN1AmbXsK4yaqU7tjiHlbxRDZOpH0KW9+CeX4bRAaX0Anxt0tx2MrpRpWwQaPwIlISEJhYU5Pw==}
    dev: false

  /binary-extensions/2.2.0:
    resolution: {integrity: sha512-jDctJ/IVQbZoJykoeHbhXpOlNBqGNcwXJKJog42E5HDPUwQTSdjCHdihjj0DlnheQ7blbT6dHOafNAiS8ooQKA==}
    engines: {node: '>=8'}
    dev: false

  /boolbase/1.0.0:
    resolution: {integrity: sha1-aN/1++YMUes3cl6p4+0xDcwed24=}
    dev: false

  /brace-expansion/1.1.11:
    resolution: {integrity: sha512-iCuPHDFgrHX7H2vEI/5xpz07zSHB00TpugqhmYtVmMO6518mCuRMoOYFldEBl0g187ufozdaHgWKcYFb61qGiA==}
    dependencies:
      balanced-match: 1.0.2
      concat-map: 0.0.1
    dev: false

  /braces/3.0.2:
    resolution: {integrity: sha512-b8um+L1RzM3WDSzvhm6gIz1yfTbBt6YTlcEKAvsmqCZZFw46z626lVj9j1yEPW33H5H+lBQpZMP1k8l+78Ha0A==}
    engines: {node: '>=8'}
    dependencies:
      fill-range: 7.0.1
    dev: false

  /camel-case/3.0.0:
    resolution: {integrity: sha1-yjw2iKTpzzpM2nd9xNy8cTJJz3M=}
    dependencies:
      no-case: 2.3.2
      upper-case: 1.1.3
    dev: false

  /cheerio/1.0.0-rc.3:
    resolution: {integrity: sha512-0td5ijfUPuubwLUu0OBoe98gZj8C/AA+RW3v67GPlGOrvxWjZmBXiBCRU+I8VEiNyJzjth40POfHiz2RB3gImA==}
    engines: {node: '>= 0.6'}
    dependencies:
      css-select: 1.2.0
      dom-serializer: 0.1.1
      entities: 1.1.2
      htmlparser2: 3.10.1
      lodash: 4.17.21
      parse5: 3.0.3
    dev: false

  /chokidar/3.5.1:
    resolution: {integrity: sha512-9+s+Od+W0VJJzawDma/gvBNQqkTiqYTWLuZoyAsivsI4AaWTCzHG06/TMjsf1cYe9Cb97UCEhjz7HvnPk2p/tw==}
    engines: {node: '>= 8.10.0'}
    dependencies:
      anymatch: 3.1.2
      braces: 3.0.2
      glob-parent: 5.1.2
      is-binary-path: 2.1.0
      is-glob: 4.0.1
      normalize-path: 3.0.0
      readdirp: 3.5.0
    optionalDependencies:
      fsevents: 2.3.2
    dev: false

  /clean-css/4.2.3:
    resolution: {integrity: sha512-VcMWDN54ZN/DS+g58HYL5/n4Zrqe8vHJpGA8KdgUXFU4fuP/aHNw8eld9SyEIyabIMJX/0RaY/fplOo5hYLSFA==}
    engines: {node: '>= 4.0'}
    dependencies:
      source-map: 0.6.1
    dev: false

  /cliui/7.0.4:
    resolution: {integrity: sha512-OcRE68cOsVMXp1Yvonl/fzkQOyjLSu/8bhPDfQt0e0/Eb283TKP20Fs2MqoPsr9SwA595rRCA+QMzYc9nBP+JQ==}
    dependencies:
      string-width: 4.2.2
      strip-ansi: 6.0.0
      wrap-ansi: 7.0.0
    dev: false

  /color-convert/2.0.1:
    resolution: {integrity: sha512-RRECPsj7iu/xb5oKYcsFHSppFNnsj/52OVTRKb4zP5onXwVF3zVmmToNcOfGC+CRDpfK/U584fMg38ZHCaElKQ==}
    engines: {node: '>=7.0.0'}
    dependencies:
      color-name: 1.1.4
    dev: false

  /color-name/1.1.4:
    resolution: {integrity: sha512-dOy+3AuW3a2wNbZHIuMZpTcgjGuLU/uBL/ubcZF9OXbDo8ff4O8yVp5Bf0efS8uEoYo5q4Fx7dY9OgQGXgAsQA==}
    dev: false

  /commander/2.20.3:
    resolution: {integrity: sha512-GpVkmM8vF2vQUkj2LvZmD35JxeJOLCwJ9cUkugyk2nuhbv3+mJvpLYYt+0+USMxE+oj+ey/lJEnhZw75x/OMcQ==}
    dev: false

  /commander/5.1.0:
    resolution: {integrity: sha512-P0CysNDQ7rtVw4QIQtm+MRxV66vKFSvlsQvGYXZWR3qFU0jlMKHZZZgw8e+8DSah4UDKMqnknRDQz+xuQXQ/Zg==}
    engines: {node: '>= 6'}
    dev: false

  /concat-map/0.0.1:
    resolution: {integrity: sha1-2Klr13/Wjfd5OnMDajug1UBdR3s=}
    dev: false

  /config-chain/1.1.12:
    resolution: {integrity: sha512-a1eOIcu8+7lUInge4Rpf/n4Krkf3Dd9lqhljRzII1/Zno/kRtUWnznPO3jOKBmTEktkt3fkxisUcivoj0ebzoA==}
    dependencies:
      ini: 1.3.8
      proto-list: 1.2.4
    dev: false

  /css-select/1.2.0:
    resolution: {integrity: sha1-KzoRBTnFNV8c2NMUYj6HCxIeyFg=}
    dependencies:
      boolbase: 1.0.0
      css-what: 2.1.3
      domutils: 1.5.1
      nth-check: 1.0.2
    dev: false

  /css-what/2.1.3:
    resolution: {integrity: sha512-a+EPoD+uZiNfh+5fxw2nO9QwFa6nJe2Or35fGY6Ipw1R3R4AGz1d1TEZrCegvw2YTmZ0jXirGYlzxxpYSHwpEg==}
    dev: false

  /detect-node/2.0.4:
    resolution: {integrity: sha512-ZIzRpLJrOj7jjP2miAtgqIfmzbxa4ZOr5jJc601zklsfEx9oTzmmj2nVpIPRpNlRTIh8lc1kyViIY7BWSGNmKw==}
    dev: false

  /dom-serializer/0.1.1:
    resolution: {integrity: sha512-l0IU0pPzLWSHBcieZbpOKgkIn3ts3vAh7ZuFyXNwJxJXk/c4Gwj9xaTJwIDVQCXawWD0qb3IzMGH5rglQaO0XA==}
    dependencies:
      domelementtype: 1.3.1
      entities: 1.1.2
    dev: false

  /dom-serializer/1.3.1:
    resolution: {integrity: sha512-Pv2ZluG5ife96udGgEDovOOOA5UELkltfJpnIExPrAk1LTvecolUGn6lIaoLh86d83GiB86CjzciMd9BuRB71Q==}
    dependencies:
      domelementtype: 2.2.0
      domhandler: 4.2.0
      entities: 2.2.0
    dev: false

  /domelementtype/1.3.1:
    resolution: {integrity: sha512-BSKB+TSpMpFI/HOxCNr1O8aMOTZ8hT3pM3GQ0w/mWRmkhEDSFJkkyzz4XQsBV44BChwGkrDfMyjVD0eA2aFV3w==}
    dev: false

  /domelementtype/2.2.0:
    resolution: {integrity: sha512-DtBMo82pv1dFtUmHyr48beiuq792Sxohr+8Hm9zoxklYPfa6n0Z3Byjj2IV7bmr2IyqClnqEQhfgHJJ5QF0R5A==}
    dev: false

  /domhandler/2.4.2:
    resolution: {integrity: sha512-JiK04h0Ht5u/80fdLMCEmV4zkNh2BcoMFBmZ/91WtYZ8qVXSKjiw7fXMgFPnHcSZgOo3XdinHvmnDUeMf5R4wA==}
    dependencies:
      domelementtype: 1.3.1
    dev: false

  /domhandler/3.3.0:
    resolution: {integrity: sha512-J1C5rIANUbuYK+FuFL98650rihynUOEzRLxW+90bKZRWB6A1X1Tf82GxR1qAWLyfNPRvjqfip3Q5tdYlmAa9lA==}
    engines: {node: '>= 4'}
    dependencies:
      domelementtype: 2.2.0
    dev: false

  /domhandler/4.2.0:
    resolution: {integrity: sha512-zk7sgt970kzPks2Bf+dwT/PLzghLnsivb9CcxkvR8Mzr66Olr0Ofd8neSbglHJHaHa2MadfoSdNlKYAaafmWfA==}
    engines: {node: '>= 4'}
    dependencies:
      domelementtype: 2.2.0
    dev: false

  /domutils/1.5.1:
    resolution: {integrity: sha1-3NhIiib1Y9YQeeSMn3t+Mjc2gs8=}
    dependencies:
      dom-serializer: 0.1.1
      domelementtype: 1.3.1
    dev: false

  /domutils/1.7.0:
    resolution: {integrity: sha512-Lgd2XcJ/NjEw+7tFvfKxOzCYKZsdct5lczQ2ZaQY8Djz7pfAD3Gbp8ySJWtreII/vDlMVmxwa6pHmdxIYgttDg==}
    dependencies:
      dom-serializer: 0.1.1
      domelementtype: 1.3.1
    dev: false

  /domutils/2.6.0:
    resolution: {integrity: sha512-y0BezHuy4MDYxh6OvolXYsH+1EMGmFbwv5FKW7ovwMG6zTPWqNPq3WF9ayZssFq+UlKdffGLbOEaghNdaOm1WA==}
    dependencies:
      dom-serializer: 1.3.1
      domelementtype: 2.2.0
      domhandler: 4.2.0
    dev: false

  /editorconfig/0.15.3:
    resolution: {integrity: sha512-M9wIMFx96vq0R4F+gRpY3o2exzb8hEj/n9S8unZtHSvYjibBp/iMufSzvmOcV/laG0ZtuTVGtiJggPOSW2r93g==}
    hasBin: true
    dependencies:
      commander: 2.20.3
      lru-cache: 4.1.5
      semver: 5.7.1
      sigmund: 1.0.1
    dev: false

  /emoji-regex/8.0.0:
    resolution: {integrity: sha512-MSjYzcWNOA0ewAHpz0MxpYFvwg6yjy1NG3xteoqz644VCo/RPgnr1/GGt+ic3iJTzQ8Eu3TdM14SawnVUmGE6A==}
    dev: false

  /entities/1.1.2:
    resolution: {integrity: sha512-f2LZMYl1Fzu7YSBKg+RoROelpOaNrcGmE9AZubeDfrCEia483oW4MI4VyFd5VNHIgQ/7qm1I0wUHK1eJnn2y2w==}
    dev: false

  /entities/2.2.0:
    resolution: {integrity: sha512-p92if5Nz619I0w+akJrLZH0MX0Pb5DX39XOwQTtXSdQQOaYH03S1uIQp4mhOZtAXrxq4ViO67YTiLBo2638o9A==}
    dev: false

  /escalade/3.1.1:
    resolution: {integrity: sha512-k0er2gUkLf8O0zKJiAhmkTnJlTvINGv7ygDNPbeIsX/TJjGJZHuh9B2UxbsaEkmlEo9MfhrSzmhIlhRlI2GXnw==}
    engines: {node: '>=6'}
    dev: false

  /escape-goat/3.0.0:
    resolution: {integrity: sha512-w3PwNZJwRxlp47QGzhuEBldEqVHHhh8/tIPcl6ecf2Bou99cdAt0knihBV0Ecc7CGxYduXVBDheH1K2oADRlvw==}
    engines: {node: '>=10'}
    dev: false

  /fill-range/7.0.1:
    resolution: {integrity: sha512-qOo9F+dMUmC2Lcb4BbVvnKJxTPjCm+RRpe4gDuGrzkL7mEVl/djYSu2OdQ2Pa302N4oqkSg9ir6jaLWJ2USVpQ==}
    engines: {node: '>=8'}
    dependencies:
      to-regex-range: 5.0.1
    dev: false

  /fs.realpath/1.0.0:
    resolution: {integrity: sha1-FQStJSMVjKpA20onh8sBQRmU6k8=}
    dev: false

  /fsevents/2.3.2:
    resolution: {integrity: sha512-xiqMQR4xAeHTuB9uWm+fFRcIOgKBMiOBP+eXiyT7jsgVCq1bkVygt00oASowB7EdtpOHaaPgKt812P9ab+DDKA==}
    engines: {node: ^8.16.0 || ^10.6.0 || >=11.0.0}
    os: [darwin]
    dev: false
    optional: true

  /get-caller-file/2.0.5:
    resolution: {integrity: sha512-DyFP3BM/3YHTQOCUL/w0OZHR0lpKeGrxotcHWcqNEdnltqFwXVfhEBQ94eIo34AfQpo0rGki4cyIiftY06h2Fg==}
    engines: {node: 6.* || 8.* || >= 10.*}
    dev: false

  /glob-parent/5.1.2:
    resolution: {integrity: sha512-AOIgSQCepiJYwP3ARnGx+5VnTu2HBYdzbGP45eLw1vr3zB3vZLeyed1sC9hnbcOc9/SrMyM5RPQrkGz4aS9Zow==}
    engines: {node: '>= 6'}
    dependencies:
      is-glob: 4.0.1
    dev: false

  /glob/7.1.6:
    resolution: {integrity: sha512-LwaxwyZ72Lk7vZINtNNrywX0ZuLyStrdDtabefZKAY5ZGJhVtgdznluResxNmPitE0SAO+O26sWTHeKSI2wMBA==}
    dependencies:
      fs.realpath: 1.0.0
      inflight: 1.0.6
      inherits: 2.0.4
      minimatch: 3.0.4
      once: 1.4.0
      path-is-absolute: 1.0.1
    dev: false

  /he/1.2.0:
    resolution: {integrity: sha512-F/1DnUGPopORZi0ni+CvrCgHQ5FyEAHRLSApuYWMmrbSwoN2Mn/7k+Gl38gJnR7yyDZk6WLXwiGod1JOWNDKGw==}
    hasBin: true
    dev: false

  /html-minifier/4.0.0:
    resolution: {integrity: sha512-aoGxanpFPLg7MkIl/DDFYtb0iWz7jMFGqFhvEDZga6/4QTjneiD8I/NXL1x5aaoCp7FSIT6h/OhykDdPsbtMig==}
    engines: {node: '>=6'}
    hasBin: true
    dependencies:
      camel-case: 3.0.0
      clean-css: 4.2.3
      commander: 2.20.3
      he: 1.2.0
      param-case: 2.1.1
      relateurl: 0.2.7
      uglify-js: 3.13.4
    dev: false

  /htmlparser2/3.10.1:
    resolution: {integrity: sha512-IgieNijUMbkDovyoKObU1DUhm1iwNYE/fuifEoEHfd1oZKZDaONBSkal7Y01shxsM49R4XaMdGez3WnF9UfiCQ==}
    dependencies:
      domelementtype: 1.3.1
      domhandler: 2.4.2
      domutils: 1.7.0
      entities: 1.1.2
      inherits: 2.0.4
      readable-stream: 3.6.0
    dev: false

  /htmlparser2/4.1.0:
    resolution: {integrity: sha512-4zDq1a1zhE4gQso/c5LP1OtrhYTncXNSpvJYtWJBtXAETPlMfi3IFNjGuQbYLuVY4ZR0QMqRVvo4Pdy9KLyP8Q==}
    dependencies:
      domelementtype: 2.2.0
      domhandler: 3.3.0
      domutils: 2.6.0
      entities: 2.2.0
    dev: false

  /inflight/1.0.6:
    resolution: {integrity: sha1-Sb1jMdfQLQwJvJEKEHW6gWW1bfk=}
    dependencies:
      once: 1.4.0
      wrappy: 1.0.2
    dev: false

  /inherits/2.0.4:
    resolution: {integrity: sha512-k/vGaX4/Yla3WzyMCvTQOXYeIHvqOKtnqBduzTHpzpQZzAskKMhZ2K+EnBiSM9zGSoIFeMpXKxa4dYeZIQqewQ==}
    dev: false

  /ini/1.3.8:
    resolution: {integrity: sha512-JV/yugV2uzW5iMRSiZAyDtQd+nxtUnjeLt0acNdw98kKLrvuRVyB80tsREOE7yvGVgalhZ6RNXCmEHkUKBKxew==}
    dev: false

  /is-binary-path/2.1.0:
    resolution: {integrity: sha512-ZMERYes6pDydyuGidse7OsHxtbI7WVeUEozgR/g7rd0xUimYNlvZRE/K2MgZTjWy725IfelLeVcEM97mmtRGXw==}
    engines: {node: '>=8'}
    dependencies:
      binary-extensions: 2.2.0
    dev: false

  /is-extglob/2.1.1:
    resolution: {integrity: sha1-qIwCU1eR8C7TfHahueqXc8gz+MI=}
    engines: {node: '>=0.10.0'}
    dev: false

  /is-fullwidth-code-point/3.0.0:
    resolution: {integrity: sha512-zymm5+u+sCsSWyD9qNaejV3DFvhCKclKdizYaJUuHA83RLjb7nSuGnddCHGv0hk+KY7BMAlsWeK4Ueg6EV6XQg==}
    engines: {node: '>=8'}
    dev: false

  /is-glob/4.0.1:
    resolution: {integrity: sha512-5G0tKtBTFImOqDnLB2hG6Bp2qcKEFduo4tZu9MT/H6NQv/ghhy30o55ufafxJ/LdH79LLs2Kfrn85TLKyA7BUg==}
    engines: {node: '>=0.10.0'}
    dependencies:
      is-extglob: 2.1.1
    dev: false

  /is-number/7.0.0:
    resolution: {integrity: sha512-41Cifkg6e8TylSpdtTpeLVMqvSBEVzTttHvERD741+pnZ8ANv0004MRL43QKPDlK9cGvNp6NZWZUBlbGXYxxng==}
    engines: {node: '>=0.12.0'}
    dev: false

  /js-beautify/1.13.13:
    resolution: {integrity: sha512-oH+nc0U5mOAqX8M5JO1J0Pw/7Q35sAdOsM5W3i87pir9Ntx6P/5Gx1xLNoK+MGyvHk4rqqRCE4Oq58H6xl2W7A==}
    engines: {node: '>=10'}
    hasBin: true
    dependencies:
      config-chain: 1.1.12
      editorconfig: 0.15.3
      glob: 7.1.6
      mkdirp: 1.0.4
      nopt: 5.0.0
    dev: false

  /juice/7.0.0:
    resolution: {integrity: sha512-AjKQX31KKN+uJs+zaf+GW8mBO/f/0NqSh2moTMyvwBY+4/lXIYTU8D8I2h6BAV3Xnz6GGsbalUyFqbYMe+Vh+Q==}
    engines: {node: '>=10.0.0'}
    hasBin: true
    dependencies:
      cheerio: 1.0.0-rc.3
      commander: 5.1.0
      mensch: 0.3.4
      slick: 1.12.2
      web-resource-inliner: 5.0.0
    dev: false

  /lodash/4.17.21:
    resolution: {integrity: sha512-v2kDEe57lecTulaDIuNTPy3Ry4gLGJ6Z1O3vE1krgXZNrsQ+LFTGHVxVjcXPs17LhbZVGedAJv8XZ1tvj5FvSg==}
    dev: false

  /lower-case/1.1.4:
    resolution: {integrity: sha1-miyr0bno4K6ZOkv31YdcOcQujqw=}
    dev: false

  /lru-cache/4.1.5:
    resolution: {integrity: sha512-sWZlbEP2OsHNkXrMl5GYk/jKk70MBng6UU4YI/qGDYbgf6YbP4EvmqISbXCoJiRKs+1bSpFHVgQxvJ17F2li5g==}
    dependencies:
      pseudomap: 1.0.2
      yallist: 2.1.2
    dev: false

  /mensch/0.3.4:
    resolution: {integrity: sha512-IAeFvcOnV9V0Yk+bFhYR07O3yNina9ANIN5MoXBKYJ/RLYPurd2d0yw14MDhpr9/momp0WofT1bPUh3hkzdi/g==}
    dev: false

  /mime/2.5.2:
    resolution: {integrity: sha512-tqkh47FzKeCPD2PUiPB6pkbMzsCasjxAfC62/Wap5qrUWcb+sFasXUC5I3gYM5iBM8v/Qpn4UK0x+j0iHyFPDg==}
    engines: {node: '>=4.0.0'}
    hasBin: true
    dev: false

  /minimatch/3.0.4:
    resolution: {integrity: sha512-yJHVQEhyqPLUTgt9B83PXu6W3rx4MvvHvSUvToogpwoGDOUQ+yDrR0HRot+yOCdCO7u4hX3pWft6kWBBcqh0UA==}
    dependencies:
      brace-expansion: 1.1.11
    dev: false

  /mjml-accordion/4.9.1:
    resolution: {integrity: sha512-IEPtf0EgMBHr2mg4wXuuN574idIiTR6XUmLnhF9EsKlJVVKabxSybLWJv81kAUqm2ld2dc/B2kT2ujLDWoQRFw==}
    dependencies:
      '@babel/runtime': 7.13.17
      lodash: 4.17.21
      mjml-core: 4.9.1
    dev: false

  /mjml-body/4.9.1:
    resolution: {integrity: sha512-P6WaVsFzHC3KTpyjZ5axsEQpiozKeOqhaykE2CV8dSrDjn3uHbDY26Bzd2eg5B1pQrwDubfAUY84I86DaktZUg==}
    dependencies:
      '@babel/runtime': 7.13.17
      lodash: 4.17.21
      mjml-core: 4.9.1
    dev: false

  /mjml-button/4.9.1:
    resolution: {integrity: sha512-WicqC7LAuKtv+erIrTq8Q8vb3QD/fANg61sW7k1q86p1t3Co9wl6KWlMYc/9Otz/6tazSAeCxX4/AZS2ibs7Kw==}
    dependencies:
      '@babel/runtime': 7.13.17
      lodash: 4.17.21
      mjml-core: 4.9.1
    dev: false

  /mjml-carousel/4.9.1:
    resolution: {integrity: sha512-RLIfe1V5x/KCVdJOQhCqR7FOa9GA5Lnw0t/Qe7OPgf2hUNnzs2qchQy5HHFRhQ5s5w2NfRaasXHJL48ZtihExQ==}
    dependencies:
      '@babel/runtime': 7.13.17
      lodash: 4.17.21
      mjml-core: 4.9.1
    dev: false

  /mjml-cli/4.9.1:
    resolution: {integrity: sha512-591NX8QpvjBGjsgq1nQdXL20TqSiSo+QbFLcx+1DRac6eP4zJbkk3PSZgOUbPcpT0p9V35Og832lfl/hXWCQSw==}
    hasBin: true
    dependencies:
      '@babel/runtime': 7.13.17
      chokidar: 3.5.1
      glob: 7.1.6
      html-minifier: 4.0.0
      js-beautify: 1.13.13
      lodash: 4.17.21
      mjml-core: 4.9.1
      mjml-migrate: 4.9.1
      mjml-parser-xml: 4.9.1
      mjml-validator: 4.9.1
      yargs: 16.2.0
    dev: false

  /mjml-column/4.9.1:
    resolution: {integrity: sha512-XQ4cT+SQMg67dDRD1PDsNO77tgnPOwvwjThOETI35L3pN1WB3te3pkQjL1kkuzRYVebr+Qw6lJeTkIYS4TStZA==}
    dependencies:
      '@babel/runtime': 7.13.17
      lodash: 4.17.21
      mjml-core: 4.9.1
    dev: false

  /mjml-core/4.9.1:
    resolution: {integrity: sha512-+xVnK7zxqFreP1EHPsT9BTmzT9N8/aCSsSG/hhnXHf08Mo/PSNXwrbsb4tAFcC4jC/Gl9qqaRI/94Ysasmk9EA==}
    dependencies:
      '@babel/runtime': 7.13.17
      cheerio: 1.0.0-rc.3
      detect-node: 2.0.4
      html-minifier: 4.0.0
      js-beautify: 1.13.13
      juice: 7.0.0
      lodash: 4.17.21
      mjml-migrate: 4.9.1
      mjml-parser-xml: 4.9.1
      mjml-validator: 4.9.1
    dev: false

  /mjml-divider/4.9.1:
    resolution: {integrity: sha512-LMRdZYwYYoS7mOhjPQHC5ZG26EumXxYt5JOO8Pe+qhQlsOvXdbCEmzDn5CrfB6R/jeSJBfQ5DiCijFwZhG5Vew==}
    dependencies:
      '@babel/runtime': 7.13.17
      lodash: 4.17.21
      mjml-core: 4.9.1
    dev: false

  /mjml-group/4.9.1:
    resolution: {integrity: sha512-ckf6cAKZH8tkS9+uHUmW+X7l/dLrP+TIEbj1XWp0hmVDpZOlSBkrJAODxQB4bYVptlkuNGExN+d7zzGBL+edmw==}
    dependencies:
      '@babel/runtime': 7.13.17
      lodash: 4.17.21
      mjml-core: 4.9.1
    dev: false

  /mjml-head-attributes/4.9.1:
    resolution: {integrity: sha512-C5xGhRYZHQQzZobEkM38haaBOHG41+ov+tBiUHaGnCvhlc5YRcW9QKkFq4syn8MzTpZKE3SQfEELYU6LvC480A==}
    dependencies:
      '@babel/runtime': 7.13.17
      lodash: 4.17.21
      mjml-core: 4.9.1
    dev: false

  /mjml-head-breakpoint/4.9.1:
    resolution: {integrity: sha512-iYTZvM1hcmSsy0ydW7puc4ACdJ4wdndezvw+FtDmPLfwIagGMTmsYUTX0E2K/x96EHdLurwpu0jl0iTrhbzsVw==}
    dependencies:
      '@babel/runtime': 7.13.17
      lodash: 4.17.21
      mjml-core: 4.9.1
    dev: false

  /mjml-head-font/4.9.1:
    resolution: {integrity: sha512-EmFvuOORi7n3nz3Xjx+ZyJGPw2l190Sd5aKuNKjrfx2JswHT7UTLKbb+cOV1se3s7XprKiXtRoe5dsoD3+uDPA==}
    dependencies:
      '@babel/runtime': 7.13.17
      lodash: 4.17.21
      mjml-core: 4.9.1
    dev: false

  /mjml-head-html-attributes/4.9.1:
    resolution: {integrity: sha512-VNqL6rA9AcG4DXIu4xm5K0P1XZj9dXpry6G98XeBTzmZDbxZWsS07qyrj15YWyEHGHVktXw5nZP6K3wDm8tRJQ==}
    dependencies:
      '@babel/runtime': 7.13.17
      lodash: 4.17.21
      mjml-core: 4.9.1
    dev: false

  /mjml-head-preview/4.9.1:
    resolution: {integrity: sha512-38M0UqVRRPsBIU3MmH2B7sErKnMG5WdhpIQJ0LzqTOS7eQYWp4lsR7uNOV6NJZpld//6LhgglgyMvn/7t6HVqw==}
    dependencies:
      '@babel/runtime': 7.13.17
      lodash: 4.17.21
      mjml-core: 4.9.1
    dev: false

  /mjml-head-style/4.9.1:
    resolution: {integrity: sha512-OxCkGzi0fNOSpTKAjjZGcjgWkgws93BzWFE0c0qr+g+LlioC6FYBLQfV6LAnke64t58Sint4ExG6guEMRPQ/Bw==}
    dependencies:
      '@babel/runtime': 7.13.17
      lodash: 4.17.21
      mjml-core: 4.9.1
    dev: false

  /mjml-head-title/4.9.1:
    resolution: {integrity: sha512-Myr3x8cCMyw2GUW4DL/r+jkc5oLskn/lRxsZN88GOFIka0BDK3HZnsYvMF7SAJnyIXsm+pZsdWj4tW6yrFAwcQ==}
    dependencies:
      '@babel/runtime': 7.13.17
      lodash: 4.17.21
      mjml-core: 4.9.1
    dev: false

  /mjml-head/4.9.1:
    resolution: {integrity: sha512-xkLhofCMPNHsg6ouf3gFCJVueEPTDBkbf4s4FS65Yn5rl/Ni46fyRSRnbdgh00UyZeOQVkkkGE8EpLrZOLcgYw==}
    dependencies:
      '@babel/runtime': 7.13.17
      lodash: 4.17.21
      mjml-core: 4.9.1
    dev: false

  /mjml-hero/4.9.1:
    resolution: {integrity: sha512-2xHYhFdDhPTNXH9TAzCKgdYPwWu0Q49/uedxnbASWQa6LbxEB1AZFplTvyx3vru7scd9zpIGS04+dELJw5Zw+Q==}
    dependencies:
      '@babel/runtime': 7.13.17
      lodash: 4.17.21
      mjml-core: 4.9.1
    dev: false

  /mjml-image/4.9.1:
    resolution: {integrity: sha512-gWevdnpur0ctUgKuIUHZodGVZg8dUOKHASP4BOTKiDNS+PlKoBnmmZwxzBNRnFfj+ol4BZbexc5WOy1zqoQyrQ==}
    dependencies:
      '@babel/runtime': 7.13.17
      lodash: 4.17.21
      mjml-core: 4.9.1
    dev: false

  /mjml-migrate/4.9.1:
    resolution: {integrity: sha512-1uxxx7O2UEyP4Vvmz6peLTMlrguuOOFdMxXwoMc2c3HidfwUtqEJvQy6b357xXMcBHWmm4bBrYjWCYQ+Y1ixPA==}
    hasBin: true
    dependencies:
      '@babel/runtime': 7.13.17
      js-beautify: 1.13.13
      lodash: 4.17.21
      mjml-core: 4.9.1
      mjml-parser-xml: 4.9.1
      yargs: 16.2.0
    dev: false

  /mjml-navbar/4.9.1:
    resolution: {integrity: sha512-p9PIxpx7fIFzJKzLEouqXxJ1ZojypcZUloLgFwoz+gRZa3z3XaxsoUcLCZLVl2QK+xwbTL6kZk9PRpxSeyPi1g==}
    dependencies:
      '@babel/runtime': 7.13.17
      lodash: 4.17.21
      mjml-core: 4.9.1
    dev: false

  /mjml-parser-xml/4.9.1:
    resolution: {integrity: sha512-zHzsB3/hiFUMX/TTkcyLXR7ztIOZUsOjjkqUbSbYjwY/+qTPzYlvIBx0XCAMByLr2Wr+/YmLGkhqhXdbNX8f6Q==}
    dependencies:
      '@babel/runtime': 7.13.17
      detect-node: 2.0.4
      htmlparser2: 4.1.0
      lodash: 4.17.21
    dev: false

  /mjml-preset-core/4.9.1:
    resolution: {integrity: sha512-cX74oaXvPkwBY/OaqL6UaBgt5BLRxNCQP/pd1jW5Yaw/9hKciWKnGm7iCl2MjalZ7dwJTlYHbU6L3sRCR/P3Og==}
    dependencies:
      '@babel/runtime': 7.13.17
      mjml-accordion: 4.9.1
      mjml-body: 4.9.1
      mjml-button: 4.9.1
      mjml-carousel: 4.9.1
      mjml-column: 4.9.1
      mjml-divider: 4.9.1
      mjml-group: 4.9.1
      mjml-head: 4.9.1
      mjml-head-attributes: 4.9.1
      mjml-head-breakpoint: 4.9.1
      mjml-head-font: 4.9.1
      mjml-head-html-attributes: 4.9.1
      mjml-head-preview: 4.9.1
      mjml-head-style: 4.9.1
      mjml-head-title: 4.9.1
      mjml-hero: 4.9.1
      mjml-image: 4.9.1
      mjml-navbar: 4.9.1
      mjml-raw: 4.9.1
      mjml-section: 4.9.1
      mjml-social: 4.9.1
      mjml-spacer: 4.9.1
      mjml-table: 4.9.1
      mjml-text: 4.9.1
      mjml-wrapper: 4.9.1
    dev: false

  /mjml-raw/4.9.1:
    resolution: {integrity: sha512-ADFJJLoQ0guQ61+p2uJbkM2pb+P1YGjnaz3bm13DCbntcEnFxQthAqgLROxT3URT/O93OSGVkrNGClqYesAG0A==}
    dependencies:
      '@babel/runtime': 7.13.17
      lodash: 4.17.21
      mjml-core: 4.9.1
    dev: false

  /mjml-section/4.9.1:
    resolution: {integrity: sha512-BsmyAebmIsxa11RUM7juNHWuPwWyqZFDU45ozKL1X1nfayy/S9YLWMAipsZvlM9WvarS5DvLQSeW6TOiZE2/WQ==}
    dependencies:
      '@babel/runtime': 7.13.17
      lodash: 4.17.21
      mjml-core: 4.9.1
    dev: false

  /mjml-social/4.9.1:
    resolution: {integrity: sha512-RcNGXKRKvBWwO4uPN9OL4xMEAqjAx1zpplLWjaxS+q4ADjlQs+DKDQpAXQEMNGUcwQSAN40hTNt/eZWuwZOxsg==}
    dependencies:
      '@babel/runtime': 7.13.17
      lodash: 4.17.21
      mjml-core: 4.9.1
    dev: false

  /mjml-spacer/4.9.1:
    resolution: {integrity: sha512-+Rabasldc5dqLuTE6LESIMSVsc1v2AiqVqWwYbV8kWHCVjbpITeUd9b9ouueW5XOXQsSQ0nabKjkk39F0BW+mw==}
    dependencies:
      '@babel/runtime': 7.13.17
      lodash: 4.17.21
      mjml-core: 4.9.1
    dev: false

  /mjml-table/4.9.1:
    resolution: {integrity: sha512-u1oGV6gBqKG59vkXb86ziVEqFU5/GB5RvfCuqGw33HzZn4jvlnGlGPoUrQt/pY/xEEy0EhkbP+XhoNql5ZeO3g==}
    dependencies:
      '@babel/runtime': 7.13.17
      lodash: 4.17.21
      mjml-core: 4.9.1
    dev: false

  /mjml-text/4.9.1:
    resolution: {integrity: sha512-0Hig1vU5tHXN+s5Scta/UoJQuVQI2GUPgUnrRoPoFC+ZX0XPHT7wRhHJMPYokrZ+RF3kpOSoQd/4UKyBs0yYDA==}
    dependencies:
      '@babel/runtime': 7.13.17
      lodash: 4.17.21
      mjml-core: 4.9.1
    dev: false

  /mjml-validator/4.9.1:
    resolution: {integrity: sha512-DElsLG529ZcGGx6BcIi9UMV0LBKvrV/r1nWDlER1mG29rBaDfBtGKV1jR2Ipeu0/37rnd8ldS8Ici8cMNC8W0A==}
    dependencies:
      '@babel/runtime': 7.13.17
    dev: false

  /mjml-wrapper/4.9.1:
    resolution: {integrity: sha512-y2gL0eEsYjX+obNCyVrZORxcE6FNJ+OzljT+a7gFWsRRHvJR45o06+OmlWJDmY2TajHuF1rrO1d1LMMpRsz0Dw==}
    dependencies:
      '@babel/runtime': 7.13.17
      lodash: 4.17.21
      mjml-core: 4.9.1
      mjml-section: 4.9.1
    dev: false

  /mjml/4.9.1:
    resolution: {integrity: sha512-tzwFdv2Mzt8PqC97F6L5Ci+vMXqoXhNJPfW+hFEUXgv5//buRSX+d2LOdraNGgKRi26bZ2SQA6JDXWpzNUKZLA==}
    hasBin: true
    dependencies:
      '@babel/runtime': 7.13.17
      mjml-cli: 4.9.1
      mjml-core: 4.9.1
      mjml-migrate: 4.9.1
      mjml-preset-core: 4.9.1
      mjml-validator: 4.9.1
    dev: false

  /mkdirp/1.0.4:
    resolution: {integrity: sha512-vVqVZQyf3WLx2Shd0qJ9xuvqgAyKPLAiqITEtqW0oIUjzo3PePDd6fW9iFz30ef7Ysp/oiWqbhszeGWW2T6Gzw==}
    engines: {node: '>=10'}
    hasBin: true
    dev: false

  /no-case/2.3.2:
    resolution: {integrity: sha512-rmTZ9kz+f3rCvK2TD1Ue/oZlns7OGoIWP4fc3llxxRXlOkHKoWPPWJOfFYpITabSow43QJbRIoHQXtt10VldyQ==}
    dependencies:
      lower-case: 1.1.4
    dev: false

  /node-fetch/2.6.1:
    resolution: {integrity: sha512-V4aYg89jEoVRxRb2fJdAg8FHvI7cEyYdVAh94HH0UIK8oJxUfkjlDQN9RbMx+bEjP7+ggMiFRprSti032Oipxw==}
    engines: {node: 4.x || >=6.0.0}
    dev: false

  /nopt/5.0.0:
    resolution: {integrity: sha512-Tbj67rffqceeLpcRXrT7vKAN8CwfPeIBgM7E6iBkmKLV7bEMwpGgYLGv0jACUsECaa/vuxP0IjEont6umdMgtQ==}
    engines: {node: '>=6'}
    hasBin: true
    dependencies:
      abbrev: 1.1.1
    dev: false

  /normalize-path/3.0.0:
    resolution: {integrity: sha512-6eZs5Ls3WtCisHWp9S2GUy8dqkpGi4BVSz3GaqiE6ezub0512ESztXUwUB6C6IKbQkY2Pnb/mD4WYojCRwcwLA==}
    engines: {node: '>=0.10.0'}
    dev: false

  /nth-check/1.0.2:
    resolution: {integrity: sha512-WeBOdju8SnzPN5vTUJYxYUxLeXpCaVP5i5e0LF8fg7WORF2Wd7wFX/pk0tYZk7s8T+J7VLy0Da6J1+wCT0AtHg==}
    dependencies:
      boolbase: 1.0.0
    dev: false

  /once/1.4.0:
    resolution: {integrity: sha1-WDsap3WWHUsROsF9nFC6753Xa9E=}
    dependencies:
      wrappy: 1.0.2
    dev: false

  /param-case/2.1.1:
    resolution: {integrity: sha1-35T9jPZTHs915r75oIWPvHK+Ikc=}
    dependencies:
      no-case: 2.3.2
    dev: false

  /parse5/3.0.3:
    resolution: {integrity: sha512-rgO9Zg5LLLkfJF9E6CCmXlSE4UVceloys8JrFqCcHloC3usd/kJCyPDwH2SOlzix2j3xaP9sUX3e8+kvkuleAA==}
    dependencies:
      '@types/node': 14.14.41
    dev: false

  /path-is-absolute/1.0.1:
    resolution: {integrity: sha1-F0uSaHNVNP+8es5r9TpanhtcX18=}
    engines: {node: '>=0.10.0'}
    dev: false

  /picomatch/2.2.3:
    resolution: {integrity: sha512-KpELjfwcCDUb9PeigTs2mBJzXUPzAuP2oPcA989He8Rte0+YUAjw1JVedDhuTKPkHjSYzMN3npC9luThGYEKdg==}
    engines: {node: '>=8.6'}
    dev: false

  /proto-list/1.2.4:
    resolution: {integrity: sha1-IS1b/hMYMGpCD2QCuOJv85ZHqEk=}
    dev: false

  /pseudomap/1.0.2:
    resolution: {integrity: sha1-8FKijacOYYkX7wqKw0wa5aaChrM=}
    dev: false

  /readable-stream/3.6.0:
    resolution: {integrity: sha512-BViHy7LKeTz4oNnkcLJ+lVSL6vpiFeX6/d3oSH8zCW7UxP2onchk+vTGB143xuFjHS3deTgkKoXXymXqymiIdA==}
    engines: {node: '>= 6'}
    dependencies:
      inherits: 2.0.4
      string_decoder: 1.3.0
      util-deprecate: 1.0.2
    dev: false

  /readdirp/3.5.0:
    resolution: {integrity: sha512-cMhu7c/8rdhkHXWsY+osBhfSy0JikwpHK/5+imo+LpeasTF8ouErHrlYkwT0++njiyuDvc7OFY5T3ukvZ8qmFQ==}
    engines: {node: '>=8.10.0'}
    dependencies:
      picomatch: 2.2.3
    dev: false

  /regenerator-runtime/0.13.7:
    resolution: {integrity: sha512-a54FxoJDIr27pgf7IgeQGxmqUNYrcV338lf/6gH456HZ/PhX+5BcwHXG9ajESmwe6WRO0tAzRUrRmNONWgkrew==}
    dev: false

  /relateurl/0.2.7:
    resolution: {integrity: sha1-VNvzd+UUQKypCkzSdGANP/LYiKk=}
    engines: {node: '>= 0.10'}
    dev: false

  /require-directory/2.1.1:
    resolution: {integrity: sha1-jGStX9MNqxyXbiNE/+f3kqam30I=}
    engines: {node: '>=0.10.0'}
    dev: false

  /safe-buffer/5.2.1:
    resolution: {integrity: sha512-rp3So07KcdmmKbGvgaNxQSJr7bGVSVk5S9Eq1F+ppbRo70+YeaDxkw5Dd8NPN+GD6bjnYm2VuPuCXmpuYvmCXQ==}
    dev: false

  /semver/5.7.1:
    resolution: {integrity: sha512-sauaDf/PZdVgrLTNYHRtpXa1iRiKcaebiKQ1BJdpQlWH2lCvexQdX55snPFyK7QzpudqbCI0qXFfOasHdyNDGQ==}
    hasBin: true
    dev: false

  /sigmund/1.0.1:
    resolution: {integrity: sha1-P/IfGYytIXX587eBhT/ZTQ0ZtZA=}
    dev: false

  /slick/1.12.2:
    resolution: {integrity: sha1-vQSN23TefRymkV+qSldXCzVQwtc=}
    dev: false

  /source-map/0.6.1:
    resolution: {integrity: sha512-UjgapumWlbMhkBgzT7Ykc5YXUT46F0iKu8SGXq0bcwP5dz/h0Plj6enJqjz1Zbq2l5WaqYnrVbwWOWMyF3F47g==}
    engines: {node: '>=0.10.0'}
    dev: false

  /string-width/4.2.2:
    resolution: {integrity: sha512-XBJbT3N4JhVumXE0eoLU9DCjcaF92KLNqTmFCnG1pf8duUxFGwtP6AD6nkjw9a3IdiRtL3E2w3JDiE/xi3vOeA==}
    engines: {node: '>=8'}
    dependencies:
      emoji-regex: 8.0.0
      is-fullwidth-code-point: 3.0.0
      strip-ansi: 6.0.0
    dev: false

  /string_decoder/1.3.0:
    resolution: {integrity: sha512-hkRX8U1WjJFd8LsDJ2yQ/wWWxaopEsABU1XfkM8A+j0+85JAGppt16cr1Whg6KIbb4okU6Mql6BOj+uup/wKeA==}
    dependencies:
      safe-buffer: 5.2.1
    dev: false

  /strip-ansi/6.0.0:
    resolution: {integrity: sha512-AuvKTrTfQNYNIctbR1K/YGTR1756GycPsg7b9bdV9Duqur4gv6aKqHXah67Z8ImS7WEz5QVcOtlfW2rZEugt6w==}
    engines: {node: '>=8'}
    dependencies:
      ansi-regex: 5.0.0
    dev: false

  /to-regex-range/5.0.1:
    resolution: {integrity: sha512-65P7iz6X5yEr1cwcgvQxbbIw7Uk3gOy5dIdtZ4rDveLqhrdJP+Li/Hx6tyK0NEb+2GCyneCMJiGqrADCSNk8sQ==}
    engines: {node: '>=8.0'}
    dependencies:
      is-number: 7.0.0
    dev: false

  /uglify-js/3.13.4:
    resolution: {integrity: sha512-kv7fCkIXyQIilD5/yQy8O+uagsYIOt5cZvs890W40/e/rvjMSzJw81o9Bg0tkURxzZBROtDQhW2LFjOGoK3RZw==}
    engines: {node: '>=0.8.0'}
    hasBin: true
    dev: false

  /upper-case/1.1.3:
    resolution: {integrity: sha1-9rRQHC7EzdJrp4vnIilh3ndiFZg=}
    dev: false

  /util-deprecate/1.0.2:
    resolution: {integrity: sha1-RQ1Nyfpw3nMnYvvS1KKJgUGaDM8=}
    dev: false

  /valid-data-url/3.0.1:
    resolution: {integrity: sha512-jOWVmzVceKlVVdwjNSenT4PbGghU0SBIizAev8ofZVgivk/TVHXSbNL8LP6M3spZvkR9/QolkyJavGSX5Cs0UA==}
    engines: {node: '>=10'}
    dev: false

  /web-resource-inliner/5.0.0:
    resolution: {integrity: sha512-AIihwH+ZmdHfkJm7BjSXiEClVt4zUFqX4YlFAzjL13wLtDuUneSaFvDBTbdYRecs35SiU7iNKbMnN+++wVfb6A==}
    engines: {node: '>=10.0.0'}
    dependencies:
      ansi-colors: 4.1.1
      escape-goat: 3.0.0
      htmlparser2: 4.1.0
      mime: 2.5.2
      node-fetch: 2.6.1
      valid-data-url: 3.0.1
    dev: false

  /wrap-ansi/7.0.0:
    resolution: {integrity: sha512-YVGIj2kamLSTxw6NsZjoBxfSwsn0ycdesmc4p+Q21c5zPuZ1pl+NfxVdxPtdHvmNVOQ6XSYG4AUtyt/Fi7D16Q==}
    engines: {node: '>=10'}
    dependencies:
      ansi-styles: 4.3.0
      string-width: 4.2.2
      strip-ansi: 6.0.0
    dev: false

  /wrappy/1.0.2:
    resolution: {integrity: sha1-tSQ9jz7BqjXxNkYFvA0QNuMKtp8=}
    dev: false

  /y18n/5.0.8:
    resolution: {integrity: sha512-0pfFzegeDWJHJIAmTLRP2DwHjdF5s7jo9tuztdQxAhINCdvS+3nGINqPd00AphqJR/0LhANUS6/+7SCb98YOfA==}
    engines: {node: '>=10'}
    dev: false

  /yallist/2.1.2:
    resolution: {integrity: sha1-HBH5IY8HYImkfdUS+TxmmaaoHVI=}
    dev: false

  /yargs-parser/20.2.7:
    resolution: {integrity: sha512-FiNkvbeHzB/syOjIUxFDCnhSfzAL8R5vs40MgLFBorXACCOAEaWu0gRZl14vG8MR9AOJIZbmkjhusqBYZ3HTHw==}
    engines: {node: '>=10'}
    dev: false

  /yargs/16.2.0:
    resolution: {integrity: sha512-D1mvvtDG0L5ft/jGWkLpG1+m0eQxOfaBvTNELraWj22wSVUMWxZUvYgJYcKh6jGGIkJFhH4IZPQhR4TKpc8mBw==}
    engines: {node: '>=10'}
    dependencies:
      cliui: 7.0.4
      escalade: 3.1.1
      get-caller-file: 2.0.5
      require-directory: 2.1.1
      string-width: 4.2.2
      y18n: 5.0.8
      yargs-parser: 20.2.7
    dev: false
