lockfileVersion: 5.4

specifiers:
  mjml: ^4.13.0

dependencies:
  mjml: 4.13.0

packages:

  /@babel/runtime/7.20.13:
    resolution: {integrity: sha512-gt3PKXs0DBoL9xCvOIIZ2NEqAGZqHjAnmVbfQtB620V0uReIQutpel14KcneZuer7UioY8ALKZ7iocavvzTNFA==}
    engines: {node: '>=6.9.0'}
    dependencies:
      regenerator-runtime: 0.13.11
    dev: false

  /abbrev/1.1.1:
    resolution: {integrity: sha512-nne9/IiQ/hzIhY6pdDnbBtz7DjPTKrY00P/zvPSm5pOFkl6xuGrGnXn/VtTNNfNtAfZ9/1RtehkszU9qcTii0Q==}
    dev: false

  /ansi-colors/4.1.3:
    resolution: {integrity: sha512-/6w/C21Pm1A7aZitlI5Ni/2J6FFQN8i1Cvz3kHABAAbw93v/NlvKdVOqz7CCWz/3iv/JplRSEEZ83XION15ovw==}
    engines: {node: '>=6'}
    dev: false

  /ansi-regex/5.0.1:
    resolution: {integrity: sha512-quJQXlTSUGL2LH9SUXo8VwsY4soanhgo6LNSm84E1LBcE8s3O0wpdiRzyR9z/ZZJMlMWv37qOOb9pdJlMUEKFQ==}
    engines: {node: '>=8'}
    dev: false

  /ansi-styles/4.3.0:
    resolution: {integrity: sha512-zbB9rCJAT1rbjiVDb2hqKFHNYLxgtk8NURxZ3IZwD3F6NtxbXZQCnnSi1Lkx+IDohdPlFp222wVALIheZJQSEg==}
    engines: {node: '>=8'}
    dependencies:
      color-convert: 2.0.1
    dev: false

  /anymatch/3.1.3:
    resolution: {integrity: sha512-KMReFUr0B4t+D+OBkjR3KYqvocp2XaSzO55UcB6mgQMd3KbcE+mWTyvVV7D/zsdEbNnV6acZUutkiHQXvTr1Rw==}
    engines: {node: '>= 8'}
    dependencies:
      normalize-path: 3.0.0
      picomatch: 2.3.1
    dev: false

  /balanced-match/1.0.2:
    resolution: {integrity: sha512-3oSeUO0TMV67hN1AmbXsK4yaqU7tjiHlbxRDZOpH0KW9+CeX4bRAaX0Anxt0tx2MrpRpWwQaPwIlISEJhYU5Pw==}
    dev: false

  /binary-extensions/2.2.0:
    resolution: {integrity: sha512-jDctJ/IVQbZoJykoeHbhXpOlNBqGNcwXJKJog42E5HDPUwQTSdjCHdihjj0DlnheQ7blbT6dHOafNAiS8ooQKA==}
    engines: {node: '>=8'}
    dev: false

  /boolbase/1.0.0:
    resolution: {integrity: sha512-JZOSA7Mo9sNGB8+UjSgzdLtokWAky1zbztM3WRLCbZ70/3cTANmQmOdR7y2g+J0e2WXywy1yS468tY+IruqEww==}
    dev: false

  /brace-expansion/1.1.11:
    resolution: {integrity: sha512-iCuPHDFgrHX7H2vEI/5xpz07zSHB00TpugqhmYtVmMO6518mCuRMoOYFldEBl0g187ufozdaHgWKcYFb61qGiA==}
    dependencies:
      balanced-match: 1.0.2
      concat-map: 0.0.1
    dev: false

  /brace-expansion/2.0.1:
    resolution: {integrity: sha512-XnAIvQ8eM+kC6aULx6wuQiwVsnzsi9d3WxzV3FpWTGA19F621kwdbsAcFKXgKUHZWsy+mY6iL1sHTxWEFCytDA==}
    dependencies:
      balanced-match: 1.0.2
    dev: false

  /braces/3.0.2:
    resolution: {integrity: sha512-b8um+L1RzM3WDSzvhm6gIz1yfTbBt6YTlcEKAvsmqCZZFw46z626lVj9j1yEPW33H5H+lBQpZMP1k8l+78Ha0A==}
    engines: {node: '>=8'}
    dependencies:
      fill-range: 7.0.1
    dev: false

  /camel-case/3.0.0:
    resolution: {integrity: sha512-+MbKztAYHXPr1jNTSKQF52VpcFjwY5RkR7fxksV8Doo4KAYc5Fl4UJRgthBbTmEx8C54DqahhbLJkDwjI3PI/w==}
    dependencies:
      no-case: 2.3.2
      upper-case: 1.1.3
    dev: false

  /cheerio-select/1.6.0:
    resolution: {integrity: sha512-eq0GdBvxVFbqWgmCm7M3XGs1I8oLy/nExUnh6oLqmBditPO9AqQJrkslDpMun/hZ0yyTs8L0m85OHp4ho6Qm9g==}
    dependencies:
      css-select: 4.3.0
      css-what: 6.1.0
      domelementtype: 2.3.0
      domhandler: 4.3.1
      domutils: 2.8.0
    dev: false

  /cheerio/1.0.0-rc.10:
    resolution: {integrity: sha512-g0J0q/O6mW8z5zxQ3A8E8J1hUgp4SMOvEoW/x84OwyHKe/Zccz83PVT4y5Crcr530FV6NgmKI1qvGTKVl9XXVw==}
    engines: {node: '>= 6'}
    dependencies:
      cheerio-select: 1.6.0
      dom-serializer: 1.4.1
      domhandler: 4.3.1
      htmlparser2: 6.1.0
      parse5: 6.0.1
      parse5-htmlparser2-tree-adapter: 6.0.1
      tslib: 2.5.0
    dev: false

  /chokidar/3.5.3:
    resolution: {integrity: sha512-Dr3sfKRP6oTcjf2JmUmFJfeVMvXBdegxB0iVQ5eb2V10uFJUCAS8OByZdVAyVb8xXNz3GjjTgj9kLWsZTqE6kw==}
    engines: {node: '>= 8.10.0'}
    dependencies:
      anymatch: 3.1.3
      braces: 3.0.2
      glob-parent: 5.1.2
      is-binary-path: 2.1.0
      is-glob: 4.0.3
      normalize-path: 3.0.0
      readdirp: 3.6.0
    optionalDependencies:
      fsevents: 2.3.2
    dev: false

  /clean-css/4.2.4:
    resolution: {integrity: sha512-EJUDT7nDVFDvaQgAo2G/PJvxmp1o/c6iXLbswsBbUFXi1Nr+AjA2cKmfbKDMjMvzEe75g3P6JkaDDAKk96A85A==}
    engines: {node: '>= 4.0'}
    dependencies:
      source-map: 0.6.1
    dev: false

  /cliui/7.0.4:
    resolution: {integrity: sha512-OcRE68cOsVMXp1Yvonl/fzkQOyjLSu/8bhPDfQt0e0/Eb283TKP20Fs2MqoPsr9SwA595rRCA+QMzYc9nBP+JQ==}
    dependencies:
      string-width: 4.2.3
      strip-ansi: 6.0.1
      wrap-ansi: 7.0.0
    dev: false

  /color-convert/2.0.1:
    resolution: {integrity: sha512-RRECPsj7iu/xb5oKYcsFHSppFNnsj/52OVTRKb4zP5onXwVF3zVmmToNcOfGC+CRDpfK/U584fMg38ZHCaElKQ==}
    engines: {node: '>=7.0.0'}
    dependencies:
      color-name: 1.1.4
    dev: false

  /color-name/1.1.4:
    resolution: {integrity: sha512-dOy+3AuW3a2wNbZHIuMZpTcgjGuLU/uBL/ubcZF9OXbDo8ff4O8yVp5Bf0efS8uEoYo5q4Fx7dY9OgQGXgAsQA==}
    dev: false

  /commander/2.20.3:
    resolution: {integrity: sha512-GpVkmM8vF2vQUkj2LvZmD35JxeJOLCwJ9cUkugyk2nuhbv3+mJvpLYYt+0+USMxE+oj+ey/lJEnhZw75x/OMcQ==}
    dev: false

  /commander/5.1.0:
    resolution: {integrity: sha512-P0CysNDQ7rtVw4QIQtm+MRxV66vKFSvlsQvGYXZWR3qFU0jlMKHZZZgw8e+8DSah4UDKMqnknRDQz+xuQXQ/Zg==}
    engines: {node: '>= 6'}
    dev: false

  /concat-map/0.0.1:
    resolution: {integrity: sha1-2Klr13/Wjfd5OnMDajug1UBdR3s=}
    dev: false

  /config-chain/1.1.13:
    resolution: {integrity: sha512-qj+f8APARXHrM0hraqXYb2/bOVSV4PvJQlNZ/DVj0QrmNM2q2euizkeuVckQ57J+W0mRH6Hvi+k50M4Jul2VRQ==}
    dependencies:
      ini: 1.3.8
      proto-list: 1.2.4
    dev: false

  /css-select/4.3.0:
    resolution: {integrity: sha512-wPpOYtnsVontu2mODhA19JrqWxNsfdatRKd64kmpRbQgh1KtItko5sTnEpPdpSaJszTOhEMlF/RPz28qj4HqhQ==}
    dependencies:
      boolbase: 1.0.0
      css-what: 6.1.0
      domhandler: 4.3.1
      domutils: 2.8.0
      nth-check: 2.1.1
    dev: false

  /css-what/6.1.0:
    resolution: {integrity: sha512-HTUrgRJ7r4dsZKU6GjmpfRK1O76h97Z8MfS1G0FozR+oF2kG6Vfe8JE6zwrkbxigziPHinCJ+gCPjA9EaBDtRw==}
    engines: {node: '>= 6'}
    dev: false

  /detect-node/2.0.4:
    resolution: {integrity: sha512-ZIzRpLJrOj7jjP2miAtgqIfmzbxa4ZOr5jJc601zklsfEx9oTzmmj2nVpIPRpNlRTIh8lc1kyViIY7BWSGNmKw==}
    dev: false

  /dom-serializer/1.4.1:
    resolution: {integrity: sha512-VHwB3KfrcOOkelEG2ZOfxqLZdfkil8PtJi4P8N2MMXucZq2yLp75ClViUlOVwyoHEDjYU433Aq+5zWP61+RGag==}
    dependencies:
      domelementtype: 2.3.0
      domhandler: 4.3.1
      entities: 2.2.0
    dev: false

  /domelementtype/2.3.0:
    resolution: {integrity: sha512-OLETBj6w0OsagBwdXnPdN0cnMfF9opN69co+7ZrbfPGrdpPVNBUj02spi6B1N7wChLQiPn4CSH/zJvXw56gmHw==}
    dev: false

  /domhandler/3.3.0:
    resolution: {integrity: sha512-J1C5rIANUbuYK+FuFL98650rihynUOEzRLxW+90bKZRWB6A1X1Tf82GxR1qAWLyfNPRvjqfip3Q5tdYlmAa9lA==}
    engines: {node: '>= 4'}
    dependencies:
      domelementtype: 2.3.0
    dev: false

  /domhandler/4.3.1:
    resolution: {integrity: sha512-GrwoxYN+uWlzO8uhUXRl0P+kHE4GtVPfYzVLcUxPL7KNdHKj66vvlhiweIHqYYXWlw+T8iLMp42Lm67ghw4WMQ==}
    engines: {node: '>= 4'}
    dependencies:
      domelementtype: 2.3.0
    dev: false

  /domutils/2.8.0:
    resolution: {integrity: sha512-w96Cjofp72M5IIhpjgobBimYEfoPjx1Vx0BSX9P30WBdZW2WIKU0T1Bd0kz2eNZ9ikjKgHbEyKx8BB6H1L3h3A==}
    dependencies:
      dom-serializer: 1.4.1
      domelementtype: 2.3.0
      domhandler: 4.3.1
    dev: false

  /editorconfig/0.15.3:
    resolution: {integrity: sha512-M9wIMFx96vq0R4F+gRpY3o2exzb8hEj/n9S8unZtHSvYjibBp/iMufSzvmOcV/laG0ZtuTVGtiJggPOSW2r93g==}
    hasBin: true
    dependencies:
      commander: 2.20.3
      lru-cache: 4.1.5
      semver: 5.7.1
      sigmund: 1.0.1
    dev: false

  /emoji-regex/8.0.0:
    resolution: {integrity: sha512-MSjYzcWNOA0ewAHpz0MxpYFvwg6yjy1NG3xteoqz644VCo/RPgnr1/GGt+ic3iJTzQ8Eu3TdM14SawnVUmGE6A==}
    dev: false

  /entities/2.2.0:
    resolution: {integrity: sha512-p92if5Nz619I0w+akJrLZH0MX0Pb5DX39XOwQTtXSdQQOaYH03S1uIQp4mhOZtAXrxq4ViO67YTiLBo2638o9A==}
    dev: false

  /escalade/3.1.1:
    resolution: {integrity: sha512-k0er2gUkLf8O0zKJiAhmkTnJlTvINGv7ygDNPbeIsX/TJjGJZHuh9B2UxbsaEkmlEo9MfhrSzmhIlhRlI2GXnw==}
    engines: {node: '>=6'}
    dev: false

  /escape-goat/3.0.0:
    resolution: {integrity: sha512-w3PwNZJwRxlp47QGzhuEBldEqVHHhh8/tIPcl6ecf2Bou99cdAt0knihBV0Ecc7CGxYduXVBDheH1K2oADRlvw==}
    engines: {node: '>=10'}
    dev: false

  /fill-range/7.0.1:
    resolution: {integrity: sha512-qOo9F+dMUmC2Lcb4BbVvnKJxTPjCm+RRpe4gDuGrzkL7mEVl/djYSu2OdQ2Pa302N4oqkSg9ir6jaLWJ2USVpQ==}
    engines: {node: '>=8'}
    dependencies:
      to-regex-range: 5.0.1
    dev: false

  /fs.realpath/1.0.0:
    resolution: {integrity: sha512-OO0pH2lK6a0hZnAdau5ItzHPI6pUlvI7jMVnxUQRtw4owF2wk8lOSabtGDCTP4Ggrg2MbGnWO9X8K1t4+fGMDw==}
    dev: false

  /fsevents/2.3.2:
    resolution: {integrity: sha512-xiqMQR4xAeHTuB9uWm+fFRcIOgKBMiOBP+eXiyT7jsgVCq1bkVygt00oASowB7EdtpOHaaPgKt812P9ab+DDKA==}
    engines: {node: ^8.16.0 || ^10.6.0 || >=11.0.0}
    os: [darwin]
    requiresBuild: true
    dev: false
    optional: true

  /get-caller-file/2.0.5:
    resolution: {integrity: sha512-DyFP3BM/3YHTQOCUL/w0OZHR0lpKeGrxotcHWcqNEdnltqFwXVfhEBQ94eIo34AfQpo0rGki4cyIiftY06h2Fg==}
    engines: {node: 6.* || 8.* || >= 10.*}
    dev: false

  /glob-parent/5.1.2:
    resolution: {integrity: sha512-AOIgSQCepiJYwP3ARnGx+5VnTu2HBYdzbGP45eLw1vr3zB3vZLeyed1sC9hnbcOc9/SrMyM5RPQrkGz4aS9Zow==}
    engines: {node: '>= 6'}
    dependencies:
      is-glob: 4.0.3
    dev: false

  /glob/7.2.3:
    resolution: {integrity: sha512-nFR0zLpU2YCaRxwoCJvL6UvCH2JFyFVIvwTLsIf21AuHlMskA1hhTdk+LlYJtOlYt9v6dvszD2BGRqBL+iQK9Q==}
    dependencies:
      fs.realpath: 1.0.0
      inflight: 1.0.6
      inherits: 2.0.4
      minimatch: 3.1.2
      once: 1.4.0
      path-is-absolute: 1.0.1
    dev: false

  /glob/8.1.0:
    resolution: {integrity: sha512-r8hpEjiQEYlF2QU0df3dS+nxxSIreXQS1qRhMJM0Q5NDdR386C7jb7Hwwod8Fgiuex+k0GFjgft18yvxm5XoCQ==}
    engines: {node: '>=12'}
    dependencies:
      fs.realpath: 1.0.0
      inflight: 1.0.6
      inherits: 2.0.4
      minimatch: 5.1.6
      once: 1.4.0
    dev: false

  /he/1.2.0:
    resolution: {integrity: sha512-F/1DnUGPopORZi0ni+CvrCgHQ5FyEAHRLSApuYWMmrbSwoN2Mn/7k+Gl38gJnR7yyDZk6WLXwiGod1JOWNDKGw==}
    hasBin: true
    dev: false

  /html-minifier/4.0.0:
    resolution: {integrity: sha512-aoGxanpFPLg7MkIl/DDFYtb0iWz7jMFGqFhvEDZga6/4QTjneiD8I/NXL1x5aaoCp7FSIT6h/OhykDdPsbtMig==}
    engines: {node: '>=6'}
    hasBin: true
    dependencies:
      camel-case: 3.0.0
      clean-css: 4.2.4
      commander: 2.20.3
      he: 1.2.0
      param-case: 2.1.1
      relateurl: 0.2.7
      uglify-js: 3.17.4
    dev: false

  /htmlparser2/4.1.0:
    resolution: {integrity: sha512-4zDq1a1zhE4gQso/c5LP1OtrhYTncXNSpvJYtWJBtXAETPlMfi3IFNjGuQbYLuVY4ZR0QMqRVvo4Pdy9KLyP8Q==}
    dependencies:
      domelementtype: 2.3.0
      domhandler: 3.3.0
      domutils: 2.8.0
      entities: 2.2.0
    dev: false

  /htmlparser2/6.1.0:
    resolution: {integrity: sha512-gyyPk6rgonLFEDGoeRgQNaEUvdJ4ktTmmUh/h2t7s+M8oPpIPxgNACWa+6ESR57kXstwqPiCut0V8NRpcwgU7A==}
    dependencies:
      domelementtype: 2.3.0
      domhandler: 4.3.1
      domutils: 2.8.0
      entities: 2.2.0
    dev: false

  /inflight/1.0.6:
    resolution: {integrity: sha512-k92I/b08q4wvFscXCLvqfsHCrjrF7yiXsQuIVvVE7N82W3+aqpzuUdBbfhWcy/FZR3/4IgflMgKLOsvPDrGCJA==}
    dependencies:
      once: 1.4.0
      wrappy: 1.0.2
    dev: false

  /inherits/2.0.4:
    resolution: {integrity: sha512-k/vGaX4/Yla3WzyMCvTQOXYeIHvqOKtnqBduzTHpzpQZzAskKMhZ2K+EnBiSM9zGSoIFeMpXKxa4dYeZIQqewQ==}
    dev: false

  /ini/1.3.8:
    resolution: {integrity: sha512-JV/yugV2uzW5iMRSiZAyDtQd+nxtUnjeLt0acNdw98kKLrvuRVyB80tsREOE7yvGVgalhZ6RNXCmEHkUKBKxew==}
    dev: false

  /is-binary-path/2.1.0:
    resolution: {integrity: sha512-ZMERYes6pDydyuGidse7OsHxtbI7WVeUEozgR/g7rd0xUimYNlvZRE/K2MgZTjWy725IfelLeVcEM97mmtRGXw==}
    engines: {node: '>=8'}
    dependencies:
      binary-extensions: 2.2.0
    dev: false

  /is-extglob/2.1.1:
    resolution: {integrity: sha512-SbKbANkN603Vi4jEZv49LeVJMn4yGwsbzZworEoyEiutsN3nJYdbO36zfhGJ6QEDpOZIFkDtnq5JRxmvl3jsoQ==}
    engines: {node: '>=0.10.0'}
    dev: false

  /is-fullwidth-code-point/3.0.0:
    resolution: {integrity: sha512-zymm5+u+sCsSWyD9qNaejV3DFvhCKclKdizYaJUuHA83RLjb7nSuGnddCHGv0hk+KY7BMAlsWeK4Ueg6EV6XQg==}
    engines: {node: '>=8'}
    dev: false

  /is-glob/4.0.3:
    resolution: {integrity: sha512-xelSayHH36ZgE7ZWhli7pW34hNbNl8Ojv5KVmkJD4hBdD3th8Tfk9vYasLM+mXWOZhFkgZfxhLSnrwRr4elSSg==}
    engines: {node: '>=0.10.0'}
    dependencies:
      is-extglob: 2.1.1
    dev: false

  /is-number/7.0.0:
    resolution: {integrity: sha512-41Cifkg6e8TylSpdtTpeLVMqvSBEVzTttHvERD741+pnZ8ANv0004MRL43QKPDlK9cGvNp6NZWZUBlbGXYxxng==}
    engines: {node: '>=0.12.0'}
    dev: false

  /js-beautify/1.14.7:
    resolution: {integrity: sha512-5SOX1KXPFKx+5f6ZrPsIPEY7NwKeQz47n3jm2i+XeHx9MoRsfQenlOP13FQhWvg8JRS0+XLO6XYUQ2GX+q+T9A==}
    engines: {node: '>=10'}
    hasBin: true
    dependencies:
      config-chain: 1.1.13
      editorconfig: 0.15.3
      glob: 8.1.0
      nopt: 6.0.0
    dev: false

  /juice/7.0.0:
    resolution: {integrity: sha512-AjKQX31KKN+uJs+zaf+GW8mBO/f/0NqSh2moTMyvwBY+4/lXIYTU8D8I2h6BAV3Xnz6GGsbalUyFqbYMe+Vh+Q==}
    engines: {node: '>=10.0.0'}
    hasBin: true
    dependencies:
      cheerio: 1.0.0-rc.10
      commander: 5.1.0
      mensch: 0.3.4
      slick: 1.12.2
      web-resource-inliner: 5.0.0
    transitivePeerDependencies:
      - encoding
    dev: false

  /lodash/4.17.21:
    resolution: {integrity: sha512-v2kDEe57lecTulaDIuNTPy3Ry4gLGJ6Z1O3vE1krgXZNrsQ+LFTGHVxVjcXPs17LhbZVGedAJv8XZ1tvj5FvSg==}
    dev: false

  /lower-case/1.1.4:
    resolution: {integrity: sha512-2Fgx1Ycm599x+WGpIYwJOvsjmXFzTSc34IwDWALRA/8AopUKAVPwfJ+h5+f85BCp0PWmmJcWzEpxOpoXycMpdA==}
    dev: false

  /lru-cache/4.1.5:
    resolution: {integrity: sha512-sWZlbEP2OsHNkXrMl5GYk/jKk70MBng6UU4YI/qGDYbgf6YbP4EvmqISbXCoJiRKs+1bSpFHVgQxvJ17F2li5g==}
    dependencies:
      pseudomap: 1.0.2
      yallist: 2.1.2
    dev: false

  /mensch/0.3.4:
    resolution: {integrity: sha512-IAeFvcOnV9V0Yk+bFhYR07O3yNina9ANIN5MoXBKYJ/RLYPurd2d0yw14MDhpr9/momp0WofT1bPUh3hkzdi/g==}
    dev: false

  /mime/2.6.0:
    resolution: {integrity: sha512-USPkMeET31rOMiarsBNIHZKLGgvKc/LrjofAnBlOttf5ajRvqiRA8QsenbcooctK6d6Ts6aqZXBA+XbkKthiQg==}
    engines: {node: '>=4.0.0'}
    hasBin: true
    dev: false

  /minimatch/3.1.2:
    resolution: {integrity: sha512-J7p63hRiAjw1NDEww1W7i37+ByIrOWO5XQQAzZ3VOcL0PNybwpfmV/N05zFAzwQ9USyEcX6t3UO+K5aqBQOIHw==}
    dependencies:
      brace-expansion: 1.1.11
    dev: false

  /minimatch/5.1.6:
    resolution: {integrity: sha512-lKwV/1brpG6mBUFHtb7NUmtABCb2WZZmm2wNiOA5hAb8VdCS4B3dtMWyvcoViccwAW/COERjXLt0zP1zXUN26g==}
    engines: {node: '>=10'}
    dependencies:
      brace-expansion: 2.0.1
    dev: false

  /mjml-accordion/4.13.0:
    resolution: {integrity: sha512-E3yihZW5Oq2p+sWOcr8kWeRTROmiTYOGxB4IOxW/jTycdY07N3FX3e6vuh7Fv3rryHEUaydUQYto3ICVyctI7w==}
    dependencies:
      '@babel/runtime': 7.20.13
      lodash: 4.17.21
      mjml-core: 4.13.0
    transitivePeerDependencies:
      - encoding
    dev: false

  /mjml-body/4.13.0:
    resolution: {integrity: sha512-S4HgwAuO9dEsyX9sr6WBf9/xr+H2ASVaLn22aurJm1S2Lvc1wifLPYBQgFmNdCjaesTCNtOMUDpG+Rbnavyaqg==}
    dependencies:
      '@babel/runtime': 7.20.13
      lodash: 4.17.21
      mjml-core: 4.13.0
    transitivePeerDependencies:
      - encoding
    dev: false

  /mjml-button/4.13.0:
    resolution: {integrity: sha512-3y8IAHCCxh7ESHh1aOOqobZKUgyNxOKAGQ9TlJoyaLpsKUFzkN8nmrD0KXF0ADSuzvhMZ1CdRIJuZ5mjv2TwWQ==}
    dependencies:
      '@babel/runtime': 7.20.13
      lodash: 4.17.21
      mjml-core: 4.13.0
    transitivePeerDependencies:
      - encoding
    dev: false

  /mjml-carousel/4.13.0:
    resolution: {integrity: sha512-ORSY5bEYlMlrWSIKI/lN0Tz3uGltWAjG8DQl2Yr3pwjwOaIzGE+kozrDf+T9xItfiIIbvKajef1dg7B7XgP0zg==}
    dependencies:
      '@babel/runtime': 7.20.13
      lodash: 4.17.21
      mjml-core: 4.13.0
    transitivePeerDependencies:
      - encoding
    dev: false

  /mjml-cli/4.13.0:
    resolution: {integrity: sha512-kAZxpH0QqlTF/CcLzELgKw1ljKRxrmWJ310CJQhbPAxHvwQ/nIb+q82U+zRJAelRPPKjnOb+hSrMRqTgk9rH3w==}
    hasBin: true
    dependencies:
      '@babel/runtime': 7.20.13
      chokidar: 3.5.3
      glob: 7.2.3
      html-minifier: 4.0.0
      js-beautify: 1.14.7
      lodash: 4.17.21
      mjml-core: 4.13.0
      mjml-migrate: 4.13.0
      mjml-parser-xml: 4.13.0
      mjml-validator: 4.13.0
      yargs: 16.2.0
    transitivePeerDependencies:
      - encoding
    dev: false

  /mjml-column/4.13.0:
    resolution: {integrity: sha512-O8FrWKK/bCy9XpKxrKRYWNdgWNaVd4TK4RqMeVI/I70IbnYnc1uf15jnsPMxCBSbT+NyXyk8k7fn099797uwpw==}
    dependencies:
      '@babel/runtime': 7.20.13
      lodash: 4.17.21
      mjml-core: 4.13.0
    transitivePeerDependencies:
      - encoding
    dev: false

  /mjml-core/4.13.0:
    resolution: {integrity: sha512-kU5AoVTlZaXR/EDi3ix66xpzUe+kScYus71lBH/wo/B+LZW70GHE1AYWtsog5oJp1MuTHpMFTNuBD/wePeEgWg==}
    dependencies:
      '@babel/runtime': 7.20.13
      cheerio: 1.0.0-rc.10
      detect-node: 2.0.4
      html-minifier: 4.0.0
      js-beautify: 1.14.7
      juice: 7.0.0
      lodash: 4.17.21
      mjml-migrate: 4.13.0
      mjml-parser-xml: 4.13.0
      mjml-validator: 4.13.0
    transitivePeerDependencies:
      - encoding
    dev: false

  /mjml-divider/4.13.0:
    resolution: {integrity: sha512-ooPCwfmxEC+wJduqObYezMp7W5UCHjL9Y1LPB5FGna2FrOejgfd6Ix3ij8Wrmycmlol7E2N4D7c5NDH5DbRCJg==}
    dependencies:
      '@babel/runtime': 7.20.13
      lodash: 4.17.21
      mjml-core: 4.13.0
    transitivePeerDependencies:
      - encoding
    dev: false

  /mjml-group/4.13.0:
    resolution: {integrity: sha512-U7E8m8aaoAE/dMqjqXPjjrKcwO36B4cquAy9ASldECrIZJBcpFYO6eYf5yLXrNCUM2P0id8pgVjrUq23s00L7Q==}
    dependencies:
      '@babel/runtime': 7.20.13
      lodash: 4.17.21
      mjml-core: 4.13.0
    transitivePeerDependencies:
      - encoding
    dev: false

  /mjml-head-attributes/4.13.0:
    resolution: {integrity: sha512-haggCafno+0lQylxJStkINCVCPMwfTpwE6yjCHeGOpQl/TkoNmjNkDr7DEEbNTZbt4Ekg070lQFn7clDy38EoA==}
    dependencies:
      '@babel/runtime': 7.20.13
      lodash: 4.17.21
      mjml-core: 4.13.0
    transitivePeerDependencies:
      - encoding
    dev: false

  /mjml-head-breakpoint/4.13.0:
    resolution: {integrity: sha512-D2iPDeUKQK1+rYSNa2HGOvgfPxZhNyndTG0iBEb/FxdGge2hbeDCZEN0mwDYE3wWB+qSBqlCuMI+Vr4pEjZbKg==}
    dependencies:
      '@babel/runtime': 7.20.13
      lodash: 4.17.21
      mjml-core: 4.13.0
    transitivePeerDependencies:
      - encoding
    dev: false

  /mjml-head-font/4.13.0:
    resolution: {integrity: sha512-mYn8aWnbrEap5vX2b4662hkUv6WifcYzYn++Yi6OHrJQi55LpzcU+myAGpfQEXXrpU8vGwExMTFKsJq5n2Kaow==}
    dependencies:
      '@babel/runtime': 7.20.13
      lodash: 4.17.21
      mjml-core: 4.13.0
    transitivePeerDependencies:
      - encoding
    dev: false

  /mjml-head-html-attributes/4.13.0:
    resolution: {integrity: sha512-m30Oro297+18Zou/1qYjagtmCOWtYXeoS38OABQ5zOSzMItE3TcZI9JNcOueIIWIyFCETe8StrTAKcQ2GHwsDw==}
    dependencies:
      '@babel/runtime': 7.20.13
      lodash: 4.17.21
      mjml-core: 4.13.0
    transitivePeerDependencies:
      - encoding
    dev: false

  /mjml-head-preview/4.13.0:
    resolution: {integrity: sha512-v0K/NocjFCbaoF/0IMVNmiqov91HxqT07vNTEl0Bt9lKFrTKVC01m1S4K7AB78T/bEeJ/HwmNjr1+TMtVNGGow==}
    dependencies:
      '@babel/runtime': 7.20.13
      lodash: 4.17.21
      mjml-core: 4.13.0
    transitivePeerDependencies:
      - encoding
    dev: false

  /mjml-head-style/4.13.0:
    resolution: {integrity: sha512-tBa33GL9Atn5bAM2UwE+uxv4rI29WgX/e5lXX+5GWlsb4thmiN6rxpFTNqBqWbBNRbZk4UEZF78M7Da8xC1ZGQ==}
    dependencies:
      '@babel/runtime': 7.20.13
      lodash: 4.17.21
      mjml-core: 4.13.0
    transitivePeerDependencies:
      - encoding
    dev: false

  /mjml-head-title/4.13.0:
    resolution: {integrity: sha512-Mq0bjuZXJlwxfVcjuYihQcigZSDTKeQaG3nORR1D0jsOH2BXU4XgUK1UOcTXn2qCBIfRoIMq7rfzYs+L0CRhdw==}
    dependencies:
      '@babel/runtime': 7.20.13
      lodash: 4.17.21
      mjml-core: 4.13.0
    transitivePeerDependencies:
      - encoding
    dev: false

  /mjml-head/4.13.0:
    resolution: {integrity: sha512-sL2qQuoVALXBCiemu4DPo9geDr8DuUdXVJxm+4nd6k5jpLCfSDmFlNhgSsLPzsYn7VEac3/sxsjLtomQ+6/BHg==}
    dependencies:
      '@babel/runtime': 7.20.13
      lodash: 4.17.21
      mjml-core: 4.13.0
    transitivePeerDependencies:
      - encoding
    dev: false

  /mjml-hero/4.13.0:
    resolution: {integrity: sha512-aWEOScdrhyjwdKBWG4XQaElRHP8LU5PtktkpMeBXa4yxrxNs25qRnDqMNkjSrnnmFKWZmQ166tfboY6RBNf0UA==}
    dependencies:
      '@babel/runtime': 7.20.13
      lodash: 4.17.21
      mjml-core: 4.13.0
    transitivePeerDependencies:
      - encoding
    dev: false

  /mjml-image/4.13.0:
    resolution: {integrity: sha512-agMmm2wRZTIrKwrUnYFlnAbtrKYSP0R2en+Vf92HPspAwmaw3/AeOW/QxmSiMhfGf+xsEJyzVvR/nd33jbT3sg==}
    dependencies:
      '@babel/runtime': 7.20.13
      lodash: 4.17.21
      mjml-core: 4.13.0
    transitivePeerDependencies:
      - encoding
    dev: false

  /mjml-migrate/4.13.0:
    resolution: {integrity: sha512-I1euHiAyNpaz+B5vH+Z4T+hg/YtI5p3PqQ3/zTLv8gi24V6BILjTaftWhH5+3R/gQkQhH0NUaWNnRmds+Mq5DQ==}
    hasBin: true
    dependencies:
      '@babel/runtime': 7.20.13
      js-beautify: 1.14.7
      lodash: 4.17.21
      mjml-core: 4.13.0
      mjml-parser-xml: 4.13.0
      yargs: 16.2.0
    transitivePeerDependencies:
      - encoding
    dev: false

  /mjml-navbar/4.13.0:
    resolution: {integrity: sha512-0Oqyyk+OdtXfsjswRb/7Ql1UOjN4MbqFPKoyltJqtj+11MRpF5+Wjd74Dj9H7l81GFwkIB9OaP+ZMiD+TPECgg==}
    dependencies:
      '@babel/runtime': 7.20.13
      lodash: 4.17.21
      mjml-core: 4.13.0
    transitivePeerDependencies:
      - encoding
    dev: false

  /mjml-parser-xml/4.13.0:
    resolution: {integrity: sha512-phljtI8DaW++q0aybR/Ykv9zCyP/jCFypxVNo26r2IQo//VYXyc7JuLZZT8N/LAI8lZcwbTVxQPBzJTmZ5IfwQ==}
    dependencies:
      '@babel/runtime': 7.20.13
      detect-node: 2.0.4
      htmlparser2: 4.1.0
      lodash: 4.17.21
    dev: false

  /mjml-preset-core/4.13.0:
    resolution: {integrity: sha512-gxzYaKkvUrHuzT1oqjEPSDtdmgEnN99Hf5f1r2CR5aMOB1x66EA3T8ATvF1o7qrBTVV4KMVlQem3IubMSYJZRw==}
    dependencies:
      '@babel/runtime': 7.20.13
      mjml-accordion: 4.13.0
      mjml-body: 4.13.0
      mjml-button: 4.13.0
      mjml-carousel: 4.13.0
      mjml-column: 4.13.0
      mjml-divider: 4.13.0
      mjml-group: 4.13.0
      mjml-head: 4.13.0
      mjml-head-attributes: 4.13.0
      mjml-head-breakpoint: 4.13.0
      mjml-head-font: 4.13.0
      mjml-head-html-attributes: 4.13.0
      mjml-head-preview: 4.13.0
      mjml-head-style: 4.13.0
      mjml-head-title: 4.13.0
      mjml-hero: 4.13.0
      mjml-image: 4.13.0
      mjml-navbar: 4.13.0
      mjml-raw: 4.13.0
      mjml-section: 4.13.0
      mjml-social: 4.13.0
      mjml-spacer: 4.13.0
      mjml-table: 4.13.0
      mjml-text: 4.13.0
      mjml-wrapper: 4.13.0
    transitivePeerDependencies:
      - encoding
    dev: false

  /mjml-raw/4.13.0:
    resolution: {integrity: sha512-JbBYxwX1a/zbqnCrlDCRNqov2xqUrMCaEdTHfqE2athj479aQXvLKFM20LilTMaClp/dR0yfvFLfFVrC5ej4FQ==}
    dependencies:
      '@babel/runtime': 7.20.13
      lodash: 4.17.21
      mjml-core: 4.13.0
    transitivePeerDependencies:
      - encoding
    dev: false

  /mjml-section/4.13.0:
    resolution: {integrity: sha512-BLcqlhavtRakKtzDQPLv6Ae4Jt4imYWq/P0jo+Sjk7tP4QifgVA2KEQOirPK5ZUqw/lvK7Afhcths5rXZ2ItnQ==}
    dependencies:
      '@babel/runtime': 7.20.13
      lodash: 4.17.21
      mjml-core: 4.13.0
    transitivePeerDependencies:
      - encoding
    dev: false

  /mjml-social/4.13.0:
    resolution: {integrity: sha512-zL2a7Wwsk8OXF0Bqu+1B3La1UPwdTMcEXptO8zdh2V5LL6Xb7Gfyvx6w0CmmBtG5IjyCtqaKy5wtrcpG9Hvjfg==}
    dependencies:
      '@babel/runtime': 7.20.13
      lodash: 4.17.21
      mjml-core: 4.13.0
    transitivePeerDependencies:
      - encoding
    dev: false

  /mjml-spacer/4.13.0:
    resolution: {integrity: sha512-Acw4QJ0MJ38W4IewXuMX7hLaW1BZaln+gEEuTfrv0xwPdTxX1ILqz4r+s9mYMxYkIDLWMCjBvXyQK6aWlid13A==}
    dependencies:
      '@babel/runtime': 7.20.13
      lodash: 4.17.21
      mjml-core: 4.13.0
    transitivePeerDependencies:
      - encoding
    dev: false

  /mjml-table/4.13.0:
    resolution: {integrity: sha512-UAWPVMaGReQhf776DFdiwdcJTIHTek3zzQ1pb+E7VlypEYgIpFvdUJ39UIiiflhqtdBATmHwKBOtePwU0MzFMg==}
    dependencies:
      '@babel/runtime': 7.20.13
      lodash: 4.17.21
      mjml-core: 4.13.0
    transitivePeerDependencies:
      - encoding
    dev: false

  /mjml-text/4.13.0:
    resolution: {integrity: sha512-uDuraaQFdu+6xfuigCimbeznnOnJfwRdcCL1lTBTusTuEvW/5Va6m2D3mnMeEpl+bp4+cxesXIz9st6A9pcg5A==}
    dependencies:
      '@babel/runtime': 7.20.13
      lodash: 4.17.21
      mjml-core: 4.13.0
    transitivePeerDependencies:
      - encoding
    dev: false

  /mjml-validator/4.13.0:
    resolution: {integrity: sha512-uURYfyQYtHJ6Qz/1A7/+E9ezfcoISoLZhYK3olsxKRViwaA2Mm8gy/J3yggZXnsUXWUns7Qymycm5LglLEIiQg==}
    dependencies:
      '@babel/runtime': 7.20.13
    dev: false

  /mjml-wrapper/4.13.0:
    resolution: {integrity: sha512-p/44JvHg04rAFR7QDImg8nZucEokIjFH6KJMHxsO0frJtLZ+IuakctzlZAADHsqiR52BwocDsXSa+o9SE2l6Ng==}
    dependencies:
      '@babel/runtime': 7.20.13
      lodash: 4.17.21
      mjml-core: 4.13.0
      mjml-section: 4.13.0
    transitivePeerDependencies:
      - encoding
    dev: false

  /mjml/4.13.0:
    resolution: {integrity: sha512-OnFKESouLshz8DPFSb6M/dE8GkhiJnoy6LAam5TiLA1anAj24yQ2ZH388LtQoEkvTisqwiTmc9ejDh5ctnFaJQ==}
    hasBin: true
    dependencies:
      '@babel/runtime': 7.20.13
      mjml-cli: 4.13.0
      mjml-core: 4.13.0
      mjml-migrate: 4.13.0
      mjml-preset-core: 4.13.0
      mjml-validator: 4.13.0
    transitivePeerDependencies:
      - encoding
    dev: false

  /no-case/2.3.2:
    resolution: {integrity: sha512-rmTZ9kz+f3rCvK2TD1Ue/oZlns7OGoIWP4fc3llxxRXlOkHKoWPPWJOfFYpITabSow43QJbRIoHQXtt10VldyQ==}
    dependencies:
      lower-case: 1.1.4
    dev: false

  /node-fetch/2.6.9:
    resolution: {integrity: sha512-DJm/CJkZkRjKKj4Zi4BsKVZh3ValV5IR5s7LVZnW+6YMh0W1BfNA8XSs6DLMGYlId5F3KnA70uu2qepcR08Qqg==}
    engines: {node: 4.x || >=6.0.0}
    peerDependencies:
      encoding: ^0.1.0
    peerDependenciesMeta:
      encoding:
        optional: true
    dependencies:
      whatwg-url: 5.0.0
    dev: false

  /nopt/6.0.0:
    resolution: {integrity: sha512-ZwLpbTgdhuZUnZzjd7nb1ZV+4DoiC6/sfiVKok72ym/4Tlf+DFdlHYmT2JPmcNNWV6Pi3SDf1kT+A4r9RTuT9g==}
    engines: {node: ^12.13.0 || ^14.15.0 || >=16.0.0}
    hasBin: true
    dependencies:
      abbrev: 1.1.1
    dev: false

  /normalize-path/3.0.0:
    resolution: {integrity: sha512-6eZs5Ls3WtCisHWp9S2GUy8dqkpGi4BVSz3GaqiE6ezub0512ESztXUwUB6C6IKbQkY2Pnb/mD4WYojCRwcwLA==}
    engines: {node: '>=0.10.0'}
    dev: false

  /nth-check/2.1.1:
    resolution: {integrity: sha512-lqjrjmaOoAnWfMmBPL+XNnynZh2+swxiX3WUE0s4yEHI6m+AwrK2UZOimIRl3X/4QctVqS8AiZjFqyOGrMXb/w==}
    dependencies:
      boolbase: 1.0.0
    dev: false

  /once/1.4.0:
    resolution: {integrity: sha512-lNaJgI+2Q5URQBkccEKHTQOPaXdUxnZZElQTZY0MFUAuaEqe1E+Nyvgdz/aIyNi6Z9MzO5dv1H8n58/GELp3+w==}
    dependencies:
      wrappy: 1.0.2
    dev: false

  /param-case/2.1.1:
    resolution: {integrity: sha512-eQE845L6ot89sk2N8liD8HAuH4ca6Vvr7VWAWwt7+kvvG5aBcPmmphQ68JsEG2qa9n1TykS2DLeMt363AAH8/w==}
    dependencies:
      no-case: 2.3.2
    dev: false

  /parse5-htmlparser2-tree-adapter/6.0.1:
    resolution: {integrity: sha512-qPuWvbLgvDGilKc5BoicRovlT4MtYT6JfJyBOMDsKoiT+GiuP5qyrPCnR9HcPECIJJmZh5jRndyNThnhhb/vlA==}
    dependencies:
      parse5: 6.0.1
    dev: false

  /parse5/6.0.1:
    resolution: {integrity: sha512-Ofn/CTFzRGTTxwpNEs9PP93gXShHcTq255nzRYSKe8AkVpZY7e1fpmTfOyoIvjP5HG7Z2ZM7VS9PPhQGW2pOpw==}
    dev: false

  /path-is-absolute/1.0.1:
    resolution: {integrity: sha512-AVbw3UJ2e9bq64vSaS9Am0fje1Pa8pbGqTTsmXfaIiMpnr5DlDhfJOuLj9Sf95ZPVDAUerDfEk88MPmPe7UCQg==}
    engines: {node: '>=0.10.0'}
    dev: false

  /picomatch/2.3.1:
    resolution: {integrity: sha512-JU3teHTNjmE2VCGFzuY8EXzCDVwEqB2a8fsIvwaStHhAWJEeVd1o1QD80CU6+ZdEXXSLbSsuLwJjkCBWqRQUVA==}
    engines: {node: '>=8.6'}
    dev: false

  /proto-list/1.2.4:
    resolution: {integrity: sha512-vtK/94akxsTMhe0/cbfpR+syPuszcuwhqVjJq26CuNDgFGj682oRBXOP5MJpv2r7JtE8MsiepGIqvvOTBwn2vA==}
    dev: false

  /pseudomap/1.0.2:
    resolution: {integrity: sha512-b/YwNhb8lk1Zz2+bXXpS/LK9OisiZZ1SNsSLxN1x2OXVEhW2Ckr/7mWE5vrC1ZTiJlD9g19jWszTmJsB+oEpFQ==}
    dev: false

  /readdirp/3.6.0:
    resolution: {integrity: sha512-hOS089on8RduqdbhvQ5Z37A0ESjsqz6qnRcffsMU3495FuTdqSm+7bhJ29JvIOsBDEEnan5DPu9t3To9VRlMzA==}
    engines: {node: '>=8.10.0'}
    dependencies:
      picomatch: 2.3.1
    dev: false

  /regenerator-runtime/0.13.11:
    resolution: {integrity: sha512-kY1AZVr2Ra+t+piVaJ4gxaFaReZVH40AKNo7UCX6W+dEwBo/2oZJzqfuN1qLq1oL45o56cPaTXELwrTh8Fpggg==}
    dev: false

  /relateurl/0.2.7:
    resolution: {integrity: sha512-G08Dxvm4iDN3MLM0EsP62EDV9IuhXPR6blNz6Utcp7zyV3tr4HVNINt6MpaRWbxoOHT3Q7YN2P+jaHX8vUbgog==}
    engines: {node: '>= 0.10'}
    dev: false

  /require-directory/2.1.1:
    resolution: {integrity: sha512-fGxEI7+wsG9xrvdjsrlmL22OMTTiHRwAMroiEeMgq8gzoLC/PQr7RsRDSTLUg/bZAZtF+TVIkHc6/4RIKrui+Q==}
    engines: {node: '>=0.10.0'}
    dev: false

  /semver/5.7.1:
    resolution: {integrity: sha512-sauaDf/PZdVgrLTNYHRtpXa1iRiKcaebiKQ1BJdpQlWH2lCvexQdX55snPFyK7QzpudqbCI0qXFfOasHdyNDGQ==}
    hasBin: true
    dev: false

  /sigmund/1.0.1:
    resolution: {integrity: sha512-fCvEXfh6NWpm+YSuY2bpXb/VIihqWA6hLsgboC+0nl71Q7N7o2eaCW8mJa/NLvQhs6jpd3VZV4UiUQlV6+lc8g==}
    dev: false

  /slick/1.12.2:
    resolution: {integrity: sha512-4qdtOGcBjral6YIBCWJ0ljFSKNLz9KkhbWtuGvUyRowl1kxfuE1x/Z/aJcaiilpb3do9bl5K7/1h9XC5wWpY/A==}
    dev: false

  /source-map/0.6.1:
    resolution: {integrity: sha512-UjgapumWlbMhkBgzT7Ykc5YXUT46F0iKu8SGXq0bcwP5dz/h0Plj6enJqjz1Zbq2l5WaqYnrVbwWOWMyF3F47g==}
    engines: {node: '>=0.10.0'}
    dev: false

  /string-width/4.2.3:
    resolution: {integrity: sha512-wKyQRQpjJ0sIp62ErSZdGsjMJWsap5oRNihHhu6G7JVO/9jIB6UyevL+tXuOqrng8j/cxKTWyWUwvSTriiZz/g==}
    engines: {node: '>=8'}
    dependencies:
      emoji-regex: 8.0.0
      is-fullwidth-code-point: 3.0.0
      strip-ansi: 6.0.1
    dev: false

  /strip-ansi/6.0.1:
    resolution: {integrity: sha512-Y38VPSHcqkFrCpFnQ9vuSXmquuv5oXOKpGeT6aGrr3o3Gc9AlVa6JBfUSOCnbxGGZF+/0ooI7KrPuUSztUdU5A==}
    engines: {node: '>=8'}
    dependencies:
      ansi-regex: 5.0.1
    dev: false

  /to-regex-range/5.0.1:
    resolution: {integrity: sha512-65P7iz6X5yEr1cwcgvQxbbIw7Uk3gOy5dIdtZ4rDveLqhrdJP+Li/Hx6tyK0NEb+2GCyneCMJiGqrADCSNk8sQ==}
    engines: {node: '>=8.0'}
    dependencies:
      is-number: 7.0.0
    dev: false

  /tr46/0.0.3:
    resolution: {integrity: sha512-N3WMsuqV66lT30CrXNbEjx4GEwlow3v6rr4mCcv6prnfwhS01rkgyFdjPNBYd9br7LpXV1+Emh01fHnq2Gdgrw==}
    dev: false

  /tslib/2.5.0:
    resolution: {integrity: sha512-336iVw3rtn2BUK7ORdIAHTyxHGRIHVReokCR3XjbckJMK7ms8FysBfhLR8IXnAgy7T0PTPNBWKiH514FOW/WSg==}
    dev: false

  /uglify-js/3.17.4:
    resolution: {integrity: sha512-T9q82TJI9e/C1TAxYvfb16xO120tMVFZrGA3f9/P4424DNu6ypK103y0GPFVa17yotwSyZW5iYXgjYHkGrJW/g==}
    engines: {node: '>=0.8.0'}
    hasBin: true
    dev: false

  /upper-case/1.1.3:
    resolution: {integrity: sha512-WRbjgmYzgXkCV7zNVpy5YgrHgbBv126rMALQQMrmzOVC4GM2waQ9x7xtm8VU+1yF2kWyPzI9zbZ48n4vSxwfSA==}
    dev: false

  /valid-data-url/3.0.1:
    resolution: {integrity: sha512-jOWVmzVceKlVVdwjNSenT4PbGghU0SBIizAev8ofZVgivk/TVHXSbNL8LP6M3spZvkR9/QolkyJavGSX5Cs0UA==}
    engines: {node: '>=10'}
    dev: false

  /web-resource-inliner/5.0.0:
    resolution: {integrity: sha512-AIihwH+ZmdHfkJm7BjSXiEClVt4zUFqX4YlFAzjL13wLtDuUneSaFvDBTbdYRecs35SiU7iNKbMnN+++wVfb6A==}
    engines: {node: '>=10.0.0'}
    dependencies:
      ansi-colors: 4.1.3
      escape-goat: 3.0.0
      htmlparser2: 4.1.0
      mime: 2.6.0
      node-fetch: 2.6.9
      valid-data-url: 3.0.1
    transitivePeerDependencies:
      - encoding
    dev: false

  /webidl-conversions/3.0.1:
    resolution: {integrity: sha512-2JAn3z8AR6rjK8Sm8orRC0h/bcl/DqL7tRPdGZ4I1CjdF+EaMLmYxBHyXuKL849eucPFhvBoxMsflfOb8kxaeQ==}
    dev: false

  /whatwg-url/5.0.0:
    resolution: {integrity: sha512-saE57nupxk6v3HY35+jzBwYa0rKSy0XR8JSxZPwgLr7ys0IBzhGviA1/TUGJLmSVqs8pb9AnvICXEuOHLprYTw==}
    dependencies:
      tr46: 0.0.3
      webidl-conversions: 3.0.1
    dev: false

  /wrap-ansi/7.0.0:
    resolution: {integrity: sha512-YVGIj2kamLSTxw6NsZjoBxfSwsn0ycdesmc4p+Q21c5zPuZ1pl+NfxVdxPtdHvmNVOQ6XSYG4AUtyt/Fi7D16Q==}
    engines: {node: '>=10'}
    dependencies:
      ansi-styles: 4.3.0
      string-width: 4.2.3
      strip-ansi: 6.0.1
    dev: false

  /wrappy/1.0.2:
    resolution: {integrity: sha512-l4Sp/DRseor9wL6EvV2+TuQn63dMkPjZ/sp9XkghTEbV9KlPS1xUsZ3u7/IQO4wxtcFB4bgpQPRcR3QCvezPcQ==}
    dev: false

  /y18n/5.0.8:
    resolution: {integrity: sha512-0pfFzegeDWJHJIAmTLRP2DwHjdF5s7jo9tuztdQxAhINCdvS+3nGINqPd00AphqJR/0LhANUS6/+7SCb98YOfA==}
    engines: {node: '>=10'}
    dev: false

  /yallist/2.1.2:
    resolution: {integrity: sha512-ncTzHV7NvsQZkYe1DW7cbDLm0YpzHmZF5r/iyP3ZnQtMiJ+pjzisCiMNI+Sj+xQF5pXhSHxSB3uDbsBTzY/c2A==}
    dev: false

  /yargs-parser/20.2.9:
    resolution: {integrity: sha512-y11nGElTIV+CT3Zv9t7VKl+Q3hTQoT9a1Qzezhhl6Rp21gJ/IVTW7Z3y9EWXhuUBC2Shnf+DX0antecpAwSP8w==}
    engines: {node: '>=10'}
    dev: false

  /yargs/16.2.0:
    resolution: {integrity: sha512-D1mvvtDG0L5ft/jGWkLpG1+m0eQxOfaBvTNELraWj22wSVUMWxZUvYgJYcKh6jGGIkJFhH4IZPQhR4TKpc8mBw==}
    engines: {node: '>=10'}
    dependencies:
      cliui: 7.0.4
      escalade: 3.1.1
      get-caller-file: 2.0.5
      require-directory: 2.1.1
      string-width: 4.2.3
      y18n: 5.0.8
      yargs-parser: 20.2.9
    dev: false
