lockfileVersion: '9.0'

settings:
  autoInstallPeers: true
  excludeLinksFromLockfile: false

importers:

  .:
    dependencies:
      mjml:
        specifier: ^4.6.3
        version: 4.18.0

packages:

  '@babel/runtime@7.28.4':
    resolution: {integrity: sha512-Q/N6JNWvIvPnLDvjlE1OUBLPQHH6l3CltCEsHIujp45zQUSSh8K+gHnaEX45yAT1nyngnINhvWtzN+Nb9D8RAQ==}
    engines: {node: '>=6.9.0'}

  '@isaacs/cliui@8.0.2':
    resolution: {integrity: sha512-O8jcjabXaleOG9DQ0+ARXWZBTfnP4WNAqzuiJK7ll44AmxGKv/J2M4TPjxjY3znBCfvBXFzucm1twdyFybFqEA==}
    engines: {node: '>=12'}

  '@one-ini/wasm@0.1.1':
    resolution: {integrity: sha512-XuySG1E38YScSJoMlqovLru4KTUNSjgVTIjyh7qMX6aNN5HY5Ct5LhRJdxO79JtTzKfzV/bnWpz+zquYrISsvw==}

  '@pkgjs/parseargs@0.11.0':
    resolution: {integrity: sha512-+1VkjdD0QBLPodGrJUeqarH8VAIvQODIbwh9XpP5Syisf7YoQgsJKPNFoqqLQlu+VQ/tVSshMR6loPMn8U+dPg==}
    engines: {node: '>=14'}

  abbrev@2.0.0:
    resolution: {integrity: sha512-6/mh1E2u2YgEsCHdY0Yx5oW+61gZU+1vXaoiHHrpKeuRNNgFvS+/jrwHiQhB5apAf5oB7UB7E19ol2R2LKH8hQ==}
    engines: {node: ^14.17.0 || ^16.13.0 || >=18.0.0}

  ansi-colors@4.1.3:
    resolution: {integrity: sha512-/6w/C21Pm1A7aZitlI5Ni/2J6FFQN8i1Cvz3kHABAAbw93v/NlvKdVOqz7CCWz/3iv/JplRSEEZ83XION15ovw==}
    engines: {node: '>=6'}

  ansi-regex@5.0.1:
    resolution: {integrity: sha512-quJQXlTSUGL2LH9SUXo8VwsY4soanhgo6LNSm84E1LBcE8s3O0wpdiRzyR9z/ZZJMlMWv37qOOb9pdJlMUEKFQ==}
    engines: {node: '>=8'}

  ansi-regex@6.2.2:
    resolution: {integrity: sha512-Bq3SmSpyFHaWjPk8If9yc6svM8c56dB5BAtW4Qbw5jHTwwXXcTLoRMkpDJp6VL0XzlWaCHTXrkFURMYmD0sLqg==}
    engines: {node: '>=12'}

  ansi-styles@4.3.0:
    resolution: {integrity: sha512-zbB9rCJAT1rbjiVDb2hqKFHNYLxgtk8NURxZ3IZwD3F6NtxbXZQCnnSi1Lkx+IDohdPlFp222wVALIheZJQSEg==}
    engines: {node: '>=8'}

  ansi-styles@6.2.3:
    resolution: {integrity: sha512-4Dj6M28JB+oAH8kFkTLUo+a2jwOFkuqb3yucU0CANcRRUbxS0cP0nZYCGjcc3BNXwRIsUVmDGgzawme7zvJHvg==}
    engines: {node: '>=12'}

  anymatch@3.1.3:
    resolution: {integrity: sha512-KMReFUr0B4t+D+OBkjR3KYqvocp2XaSzO55UcB6mgQMd3KbcE+mWTyvVV7D/zsdEbNnV6acZUutkiHQXvTr1Rw==}
    engines: {node: '>= 8'}

  balanced-match@1.0.2:
    resolution: {integrity: sha512-3oSeUO0TMV67hN1AmbXsK4yaqU7tjiHlbxRDZOpH0KW9+CeX4bRAaX0Anxt0tx2MrpRpWwQaPwIlISEJhYU5Pw==}

  binary-extensions@2.3.0:
    resolution: {integrity: sha512-Ceh+7ox5qe7LJuLHoY0feh3pHuUDHAcRUeyL2VYghZwfpkNIy/+8Ocg0a3UuSoYzavmylwuLWQOf3hl0jjMMIw==}
    engines: {node: '>=8'}

  boolbase@1.0.0:
    resolution: {integrity: sha512-JZOSA7Mo9sNGB8+UjSgzdLtokWAky1zbztM3WRLCbZ70/3cTANmQmOdR7y2g+J0e2WXywy1yS468tY+IruqEww==}

  brace-expansion@2.0.2:
    resolution: {integrity: sha512-Jt0vHyM+jmUBqojB7E1NIYadt0vI0Qxjxd2TErW94wDz+E2LAm5vKMXXwg6ZZBTHPuUlDgQHKXvjGBdfcF1ZDQ==}

  braces@3.0.3:
    resolution: {integrity: sha512-yQbXgO/OSZVD2IsiLlro+7Hf6Q18EJrKSEsdoMzKePKXct3gvD8oLcOQdIzGupr5Fj+EDe8gO/lxc1BzfMpxvA==}
    engines: {node: '>=8'}

  camel-case@3.0.0:
    resolution: {integrity: sha512-+MbKztAYHXPr1jNTSKQF52VpcFjwY5RkR7fxksV8Doo4KAYc5Fl4UJRgthBbTmEx8C54DqahhbLJkDwjI3PI/w==}

  cheerio-select@2.1.0:
    resolution: {integrity: sha512-9v9kG0LvzrlcungtnJtpGNxY+fzECQKhK4EGJX2vByejiMX84MFNQw4UxPJl3bFbTMw+Dfs37XaIkCwTZfLh4g==}

  cheerio@1.0.0-rc.12:
    resolution: {integrity: sha512-VqR8m68vM46BNnuZ5NtnGBKIE/DfN0cRIzg9n40EIq9NOv90ayxLBXA8fXC5gquFRGJSTRqBq25Jt2ECLR431Q==}
    engines: {node: '>= 6'}

  chokidar@3.6.0:
    resolution: {integrity: sha512-7VT13fmjotKpGipCW9JEQAusEPE+Ei8nl6/g4FBAmIm0GOOLMua9NDDo/DWp0ZAxCr3cPq5ZpBqmPAQgDda2Pw==}
    engines: {node: '>= 8.10.0'}

  clean-css@4.2.4:
    resolution: {integrity: sha512-EJUDT7nDVFDvaQgAo2G/PJvxmp1o/c6iXLbswsBbUFXi1Nr+AjA2cKmfbKDMjMvzEe75g3P6JkaDDAKk96A85A==}
    engines: {node: '>= 4.0'}

  cliui@8.0.1:
    resolution: {integrity: sha512-BSeNnyus75C4//NQ9gQt1/csTXyo/8Sb+afLAkzAptFuMsod9HFokGNudZpi/oQV73hnVK+sR+5PVRMd+Dr7YQ==}
    engines: {node: '>=12'}

  color-convert@2.0.1:
    resolution: {integrity: sha512-RRECPsj7iu/xb5oKYcsFHSppFNnsj/52OVTRKb4zP5onXwVF3zVmmToNcOfGC+CRDpfK/U584fMg38ZHCaElKQ==}
    engines: {node: '>=7.0.0'}

  color-name@1.1.4:
    resolution: {integrity: sha512-dOy+3AuW3a2wNbZHIuMZpTcgjGuLU/uBL/ubcZF9OXbDo8ff4O8yVp5Bf0efS8uEoYo5q4Fx7dY9OgQGXgAsQA==}

  commander@10.0.1:
    resolution: {integrity: sha512-y4Mg2tXshplEbSGzx7amzPwKKOCGuoSRP/CjEdwwk0FOGlUbq6lKuoyDZTNZkmxHdJtp54hdfY/JUrdL7Xfdug==}
    engines: {node: '>=14'}

  commander@2.20.3:
    resolution: {integrity: sha512-GpVkmM8vF2vQUkj2LvZmD35JxeJOLCwJ9cUkugyk2nuhbv3+mJvpLYYt+0+USMxE+oj+ey/lJEnhZw75x/OMcQ==}

  commander@6.2.1:
    resolution: {integrity: sha512-U7VdrJFnJgo4xjrHpTzu0yrHPGImdsmD95ZlgYSEajAn2JKzDhDTPG9kBTefmObL2w/ngeZnilk+OV9CG3d7UA==}
    engines: {node: '>= 6'}

  config-chain@1.1.13:
    resolution: {integrity: sha512-qj+f8APARXHrM0hraqXYb2/bOVSV4PvJQlNZ/DVj0QrmNM2q2euizkeuVckQ57J+W0mRH6Hvi+k50M4Jul2VRQ==}

  cross-spawn@7.0.6:
    resolution: {integrity: sha512-uV2QOWP2nWzsy2aMp8aRibhi9dlzF5Hgh5SHaB9OiTGEyDTiJJyx0uy51QXdyWbtAHNua4XJzUKca3OzKUd3vA==}
    engines: {node: '>= 8'}

  css-select@5.2.2:
    resolution: {integrity: sha512-TizTzUddG/xYLA3NXodFM0fSbNizXjOKhqiQQwvhlspadZokn1KDy0NZFS0wuEubIYAV5/c1/lAr0TaaFXEXzw==}

  css-what@6.2.2:
    resolution: {integrity: sha512-u/O3vwbptzhMs3L1fQE82ZSLHQQfto5gyZzwteVIEyeaY5Fc7R4dapF/BvRoSYFeqfBk4m0V1Vafq5Pjv25wvA==}
    engines: {node: '>= 6'}

  detect-node@2.1.0:
    resolution: {integrity: sha512-T0NIuQpnTvFDATNuHN5roPwSBG83rFsuO+MXXH9/3N1eFbn4wcPjttvjMLEPWJ0RGUYgQE7cGgS3tNxbqCGM7g==}

  dom-serializer@1.4.1:
    resolution: {integrity: sha512-VHwB3KfrcOOkelEG2ZOfxqLZdfkil8PtJi4P8N2MMXucZq2yLp75ClViUlOVwyoHEDjYU433Aq+5zWP61+RGag==}

  dom-serializer@2.0.0:
    resolution: {integrity: sha512-wIkAryiqt/nV5EQKqQpo3SToSOV9J0DnbJqwK7Wv/Trc92zIAYZ4FlMu+JPFW1DfGFt81ZTCGgDEabffXeLyJg==}

  domelementtype@2.3.0:
    resolution: {integrity: sha512-OLETBj6w0OsagBwdXnPdN0cnMfF9opN69co+7ZrbfPGrdpPVNBUj02spi6B1N7wChLQiPn4CSH/zJvXw56gmHw==}

  domhandler@3.3.0:
    resolution: {integrity: sha512-J1C5rIANUbuYK+FuFL98650rihynUOEzRLxW+90bKZRWB6A1X1Tf82GxR1qAWLyfNPRvjqfip3Q5tdYlmAa9lA==}
    engines: {node: '>= 4'}

  domhandler@4.3.1:
    resolution: {integrity: sha512-GrwoxYN+uWlzO8uhUXRl0P+kHE4GtVPfYzVLcUxPL7KNdHKj66vvlhiweIHqYYXWlw+T8iLMp42Lm67ghw4WMQ==}
    engines: {node: '>= 4'}

  domhandler@5.0.3:
    resolution: {integrity: sha512-cgwlv/1iFQiFnU96XXgROh8xTeetsnJiDsTc7TYCLFd9+/WNkIqPTxiM/8pSd8VIrhXGTf1Ny1q1hquVqDJB5w==}
    engines: {node: '>= 4'}

  domutils@2.8.0:
    resolution: {integrity: sha512-w96Cjofp72M5IIhpjgobBimYEfoPjx1Vx0BSX9P30WBdZW2WIKU0T1Bd0kz2eNZ9ikjKgHbEyKx8BB6H1L3h3A==}

  domutils@3.2.2:
    resolution: {integrity: sha512-6kZKyUajlDuqlHKVX1w7gyslj9MPIXzIFiz/rGu35uC1wMi+kMhQwGhl4lt9unC9Vb9INnY9Z3/ZA3+FhASLaw==}

  eastasianwidth@0.2.0:
    resolution: {integrity: sha512-I88TYZWc9XiYHRQ4/3c5rjjfgkjhLyW2luGIheGERbNQ6OY7yTybanSpDXZa8y7VUP9YmDcYa+eyq4ca7iLqWA==}

  editorconfig@1.0.4:
    resolution: {integrity: sha512-L9Qe08KWTlqYMVvMcTIvMAdl1cDUubzRNYL+WfA4bLDMHe4nemKkpmYzkznE1FwLKu0EEmy6obgQKzMJrg4x9Q==}
    engines: {node: '>=14'}
    hasBin: true

  emoji-regex@8.0.0:
    resolution: {integrity: sha512-MSjYzcWNOA0ewAHpz0MxpYFvwg6yjy1NG3xteoqz644VCo/RPgnr1/GGt+ic3iJTzQ8Eu3TdM14SawnVUmGE6A==}

  emoji-regex@9.2.2:
    resolution: {integrity: sha512-L18DaJsXSUk2+42pv8mLs5jJT2hqFkFE4j21wOmgbUqsZ2hL72NsUU785g9RXgo3s0ZNgVl42TiHp3ZtOv/Vyg==}

  entities@2.2.0:
    resolution: {integrity: sha512-p92if5Nz619I0w+akJrLZH0MX0Pb5DX39XOwQTtXSdQQOaYH03S1uIQp4mhOZtAXrxq4ViO67YTiLBo2638o9A==}

  entities@4.5.0:
    resolution: {integrity: sha512-V0hjH4dGPh9Ao5p0MoRY6BVqtwCjhz6vI5LT8AJ55H+4g9/4vbHx1I54fS0XuclLhDHArPQCiMjDxjaL8fPxhw==}
    engines: {node: '>=0.12'}

  entities@6.0.1:
    resolution: {integrity: sha512-aN97NXWF6AWBTahfVOIrB/NShkzi5H7F9r1s9mD3cDj4Ko5f2qhhVoYMibXF7GlLveb/D2ioWay8lxI97Ven3g==}
    engines: {node: '>=0.12'}

  escalade@3.2.0:
    resolution: {integrity: sha512-WUj2qlxaQtO4g6Pq5c29GTcWGDyd8itL8zTlipgECz3JesAiiOKotd8JU6otB3PACgG6xkJUyVhboMS+bje/jA==}
    engines: {node: '>=6'}

  escape-goat@3.0.0:
    resolution: {integrity: sha512-w3PwNZJwRxlp47QGzhuEBldEqVHHhh8/tIPcl6ecf2Bou99cdAt0knihBV0Ecc7CGxYduXVBDheH1K2oADRlvw==}
    engines: {node: '>=10'}

  fill-range@7.1.1:
    resolution: {integrity: sha512-YsGpe3WHLK8ZYi4tWDg2Jy3ebRz2rXowDxnld4bkQB00cc/1Zw9AWnC0i9ztDJitivtQvaI9KaLyKrc+hBW0yg==}
    engines: {node: '>=8'}

  foreground-child@3.3.1:
    resolution: {integrity: sha512-gIXjKqtFuWEgzFRJA9WCQeSJLZDjgJUOMCMzxtvFq/37KojM1BFGufqsCy0r4qSQmYLsZYMeyRqzIWOMup03sw==}
    engines: {node: '>=14'}

  fsevents@2.3.3:
    resolution: {integrity: sha512-5xoDfX+fL7faATnagmWPpbFtwh/R77WmMMqqHGS65C3vvB0YHrgF+B1YmZ3441tMj5n63k0212XNoJwzlhffQw==}
    engines: {node: ^8.16.0 || ^10.6.0 || >=11.0.0}
    os: [darwin]

  get-caller-file@2.0.5:
    resolution: {integrity: sha512-DyFP3BM/3YHTQOCUL/w0OZHR0lpKeGrxotcHWcqNEdnltqFwXVfhEBQ94eIo34AfQpo0rGki4cyIiftY06h2Fg==}
    engines: {node: 6.* || 8.* || >= 10.*}

  glob-parent@5.1.2:
    resolution: {integrity: sha512-AOIgSQCepiJYwP3ARnGx+5VnTu2HBYdzbGP45eLw1vr3zB3vZLeyed1sC9hnbcOc9/SrMyM5RPQrkGz4aS9Zow==}
    engines: {node: '>= 6'}

  glob@10.5.0:
    resolution: {integrity: sha512-DfXN8DfhJ7NH3Oe7cFmu3NCu1wKbkReJ8TorzSAFbSKrlNaQSKfIzqYqVY8zlbs2NLBbWpRiU52GX2PbaBVNkg==}
    hasBin: true

  he@1.2.0:
    resolution: {integrity: sha512-F/1DnUGPopORZi0ni+CvrCgHQ5FyEAHRLSApuYWMmrbSwoN2Mn/7k+Gl38gJnR7yyDZk6WLXwiGod1JOWNDKGw==}
    hasBin: true

  html-minifier@4.0.0:
    resolution: {integrity: sha512-aoGxanpFPLg7MkIl/DDFYtb0iWz7jMFGqFhvEDZga6/4QTjneiD8I/NXL1x5aaoCp7FSIT6h/OhykDdPsbtMig==}
    engines: {node: '>=6'}
    hasBin: true

  htmlparser2@5.0.1:
    resolution: {integrity: sha512-vKZZra6CSe9qsJzh0BjBGXo8dvzNsq/oGvsjfRdOrrryfeD9UOBEEQdeoqCRmKZchF5h2zOBMQ6YuQ0uRUmdbQ==}

  htmlparser2@8.0.2:
    resolution: {integrity: sha512-GYdjWKDkbRLkZ5geuHs5NY1puJ+PXwP7+fHPRz06Eirsb9ugf6d8kkXav6ADhcODhFFPMIXyxkxSuMf3D6NCFA==}

  htmlparser2@9.1.0:
    resolution: {integrity: sha512-5zfg6mHUoaer/97TxnGpxmbR7zJtPwIYFMZ/H5ucTlPZhKvtum05yiPK3Mgai3a0DyVxv7qYqoweaEd2nrYQzQ==}

  ini@1.3.8:
    resolution: {integrity: sha512-JV/yugV2uzW5iMRSiZAyDtQd+nxtUnjeLt0acNdw98kKLrvuRVyB80tsREOE7yvGVgalhZ6RNXCmEHkUKBKxew==}

  is-binary-path@2.1.0:
    resolution: {integrity: sha512-ZMERYes6pDydyuGidse7OsHxtbI7WVeUEozgR/g7rd0xUimYNlvZRE/K2MgZTjWy725IfelLeVcEM97mmtRGXw==}
    engines: {node: '>=8'}

  is-extglob@2.1.1:
    resolution: {integrity: sha512-SbKbANkN603Vi4jEZv49LeVJMn4yGwsbzZworEoyEiutsN3nJYdbO36zfhGJ6QEDpOZIFkDtnq5JRxmvl3jsoQ==}
    engines: {node: '>=0.10.0'}

  is-fullwidth-code-point@3.0.0:
    resolution: {integrity: sha512-zymm5+u+sCsSWyD9qNaejV3DFvhCKclKdizYaJUuHA83RLjb7nSuGnddCHGv0hk+KY7BMAlsWeK4Ueg6EV6XQg==}
    engines: {node: '>=8'}

  is-glob@4.0.3:
    resolution: {integrity: sha512-xelSayHH36ZgE7ZWhli7pW34hNbNl8Ojv5KVmkJD4hBdD3th8Tfk9vYasLM+mXWOZhFkgZfxhLSnrwRr4elSSg==}
    engines: {node: '>=0.10.0'}

  is-number@7.0.0:
    resolution: {integrity: sha512-41Cifkg6e8TylSpdtTpeLVMqvSBEVzTttHvERD741+pnZ8ANv0004MRL43QKPDlK9cGvNp6NZWZUBlbGXYxxng==}
    engines: {node: '>=0.12.0'}

  isexe@2.0.0:
    resolution: {integrity: sha512-RHxMLp9lnKHGHRng9QFhRCMbYAcVpn69smSGcq3f36xjgVVWThj4qqLbTLlq7Ssj8B+fIQ1EuCEGI2lKsyQeIw==}

  jackspeak@3.4.3:
    resolution: {integrity: sha512-OGlZQpz2yfahA/Rd1Y8Cd9SIEsqvXkLVoSw/cgwhnhFMDbsQFeZYoJJ7bIZBS9BcamUW96asq/npPWugM+RQBw==}

  js-beautify@1.15.4:
    resolution: {integrity: sha512-9/KXeZUKKJwqCXUdBxFJ3vPh467OCckSBmYDwSK/EtV090K+iMJ7zx2S3HLVDIWFQdqMIsZWbnaGiba18aWhaA==}
    engines: {node: '>=14'}
    hasBin: true

  js-cookie@3.0.5:
    resolution: {integrity: sha512-cEiJEAEoIbWfCZYKWhVwFuvPX1gETRYPw6LlaTKoxD3s2AkXzkCjnp6h0V77ozyqj0jakteJ4YqDJT830+lVGw==}
    engines: {node: '>=14'}

  juice@10.0.1:
    resolution: {integrity: sha512-ZhJT1soxJCkOiO55/mz8yeBKTAJhRzX9WBO+16ZTqNTONnnVlUPyVBIzQ7lDRjaBdTbid+bAnyIon/GM3yp4cA==}
    engines: {node: '>=10.0.0'}
    hasBin: true

  lodash@4.17.21:
    resolution: {integrity: sha512-v2kDEe57lecTulaDIuNTPy3Ry4gLGJ6Z1O3vE1krgXZNrsQ+LFTGHVxVjcXPs17LhbZVGedAJv8XZ1tvj5FvSg==}

  lower-case@1.1.4:
    resolution: {integrity: sha512-2Fgx1Ycm599x+WGpIYwJOvsjmXFzTSc34IwDWALRA/8AopUKAVPwfJ+h5+f85BCp0PWmmJcWzEpxOpoXycMpdA==}

  lru-cache@10.4.3:
    resolution: {integrity: sha512-JNAzZcXrCt42VGLuYz0zfAzDfAvJWW6AfYlDBQyDV5DClI2m5sAmK+OIO7s59XfsRsWHp02jAJrRadPRGTt6SQ==}

  mensch@0.3.4:
    resolution: {integrity: sha512-IAeFvcOnV9V0Yk+bFhYR07O3yNina9ANIN5MoXBKYJ/RLYPurd2d0yw14MDhpr9/momp0WofT1bPUh3hkzdi/g==}

  mime@2.6.0:
    resolution: {integrity: sha512-USPkMeET31rOMiarsBNIHZKLGgvKc/LrjofAnBlOttf5ajRvqiRA8QsenbcooctK6d6Ts6aqZXBA+XbkKthiQg==}
    engines: {node: '>=4.0.0'}
    hasBin: true

  minimatch@9.0.1:
    resolution: {integrity: sha512-0jWhJpD/MdhPXwPuiRkCbfYfSKp2qnn2eOc279qI7f+osl/l+prKSrvhg157zSYvx/1nmgn2NqdT6k2Z7zSH9w==}
    engines: {node: '>=16 || 14 >=14.17'}

  minimatch@9.0.5:
    resolution: {integrity: sha512-G6T0ZX48xgozx7587koeX9Ys2NYy6Gmv//P89sEte9V9whIapMNF4idKxnW2QtCcLiTWlb/wfCabAtAFWhhBow==}
    engines: {node: '>=16 || 14 >=14.17'}

  minipass@7.1.2:
    resolution: {integrity: sha512-qOOzS1cBTWYF4BH8fVePDBOO9iptMnGUEZwNc/cMWnTV2nVLZ7VoNWEPHkYczZA0pdoA7dl6e7FL659nX9S2aw==}
    engines: {node: '>=16 || 14 >=14.17'}

  mjml-accordion@4.18.0:
    resolution: {integrity: sha512-9PUmy2JxIOGgAaVHvgVYX21nVAo3o/+wJckTTF/YTLGAqB+nm+44buxRzaXxVk7qXRwbCNfE8c8mlGVNh7vB1g==}

  mjml-body@4.18.0:
    resolution: {integrity: sha512-34AwX70/7NkRIajPsa5j6NySRiNrlLatTKhiLwTVFiVtrEFlfCcbeMNmdVixI3Ldvs8209ZC6euaAnXDRyR1zw==}

  mjml-button@4.18.0:
    resolution: {integrity: sha512-ZsWMI0j7EcFCMqbqdVwMWhmsVc03FhmypWXokKopGhwySn4IAB4AOURonRmFrO7k6sDeQ+iJ9QtTu7jA+S8wmg==}

  mjml-carousel@4.18.0:
    resolution: {integrity: sha512-wY4g1CHCOoVSZuar7CLFon/qkPbICu71IT+6pa4BDwkAiaAMAemZPyy+a+iIUgdc8kHgSuHGsGf6PQzBSMWRZA==}

  mjml-cli@4.18.0:
    resolution: {integrity: sha512-N6CnA4o/q/VRnGPxTzvVnjAEcF7WUVVQGYfS9SPAp0qwyf7RysMmewdS9yN8GwXwZV6L2sKdn+3ANNi2FNsJ7w==}
    hasBin: true

  mjml-column@4.18.0:
    resolution: {integrity: sha512-0QZ1whxbHUmJaRT8tW+wmr3fWZ/kpsHKAd24c7Z/N1Otm/U2G0T/FFEFJ6cB25X6ZN0K40QZ8L9gdLfiSVuRbA==}

  mjml-core@4.18.0:
    resolution: {integrity: sha512-yey72LszXvIo5p0R6DB+YU8er/nP2wPsqpLKQCB0H8vG0WRT1sbSUvnCUOkKGn7subuyWDTdzHKbQO3XYIOmvg==}

  mjml-divider@4.18.0:
    resolution: {integrity: sha512-FmGUVJqi4RYroh7y85vDx0aUKZgECkxHtMQ4pkLGQbZ2g93/Qt0Ek88DVCNJ5XwUAQQkE/TvrGMLHp3CIqpQ9Q==}

  mjml-group@4.18.0:
    resolution: {integrity: sha512-28ABkXsKljBqj7XCC8GkQ94xz8HEU2XTyD+9LTlkDafzGp/MGJb8DcLh/7IkxCwqkQWyeMiDNLf1djsQ909Vxw==}

  mjml-head-attributes@4.18.0:
    resolution: {integrity: sha512-nLzix1wrMnojE0RPGhk4iKqSRwHKjie2EPzgKT7CDzfqN+Ref03E5Q19x3cQTLgxvq3C3CnvCQBfnhoS3Eakug==}

  mjml-head-breakpoint@4.18.0:
    resolution: {integrity: sha512-k6rwff+7i+vTQYJ/CjBfE20qNqPaW60IRH2x2oEPuCzmwDmoVWOcplJIuotSqIAdfwF9hLkICknisp1BpczVlQ==}

  mjml-head-font@4.18.0:
    resolution: {integrity: sha512-ao8HB5nf+Dmxw4GO6lMMOlnj1lNZONai0GC9RobrZgPlghZw6hpURWGpkON7pQcy6XnOHwYwkV7Go/npzA2i7w==}

  mjml-head-html-attributes@4.18.0:
    resolution: {integrity: sha512-xaQE1rthe0RrNotwEr71X1tE+QQ489Yc0ynMm3oNMrohDI/TaCeazx8GAHPMM7VLduDA8D4A5wkZ6PuEvlJu4w==}

  mjml-head-preview@4.18.0:
    resolution: {integrity: sha512-2JvYqhbLyU/+Te6/1AXxzTNoHYCDYhXOVZP7wMvU4t7K34pXqyRUNO405atyHUY1MRafrl6RJ8cIx0x5vUX7PA==}

  mjml-head-style@4.18.0:
    resolution: {integrity: sha512-nEwDHkAqY3Fm7QWeAZc/a7MakZpXh6THfrE8/AWrfpgzTHrD/wihNUc09ztNpr6z/K1+JWgQfSF2BRc+X3P46g==}

  mjml-head-title@4.18.0:
    resolution: {integrity: sha512-0Hm8o50rPMUQLSCOOa4D4pz9NajmCDccLvBYE4fwKdeUXjSJ6bwAYeMpveel8oNZMDUVJ4Hx+PskisEGHMHM2w==}

  mjml-head@4.18.0:
    resolution: {integrity: sha512-DS0adpIAsVMDIk2DOsHzjg+RNjQU0fF8jiVP9BmdRHVGrLPmpL9wIHZk2KvsKvZe7VaXXBijFt3DZ5/CQ/+D7Q==}

  mjml-hero@4.18.0:
    resolution: {integrity: sha512-rujm0ROM4QGWw77vnl3NaVaCKXrT4xTSHeAnkHKiY5AuRf6HPTgEtutq5pdel/y6Q9GrmxvN3HRESum7tpJCJw==}

  mjml-image@4.18.0:
    resolution: {integrity: sha512-e09NkoYwvzMcTv7V6H5doWD6Te2E1y2EvOLQJoXKVdQpDwyBWGdfnZke0scJGdA58HLAB+0mLYogpLwmfLaP5Q==}

  mjml-migrate@4.18.0:
    resolution: {integrity: sha512-qfNCgW9zhJIsbPyXFA5RT/WY4mlje3N0WhHHOsHc0nY89Q01DenyslUy9nLLGXwi4K5FHS58oCjwWbMhwDcj1w==}
    hasBin: true

  mjml-navbar@4.18.0:
    resolution: {integrity: sha512-uho/MS2tfNAe+V9u2X7NoCco34MDbdp30ETA8009Qo1VCP/D8lZ+s69WGRPu6hvN/Y2pzBgZly++CMg3qFZqBQ==}

  mjml-parser-xml@4.18.0:
    resolution: {integrity: sha512-sHSsZg4afY1heThuJzxa1Kvfh/QzB7/9P5fFUHeVnnxb07ZTXnhXWA6YbobdND5/l9+5yjN5/UgqDZm3tIT4Uw==}

  mjml-preset-core@4.18.0:
    resolution: {integrity: sha512-x3l8vMVtsaqM/jauMeZIN7HFD2t5A28J4U0o4849yIlRxiWguLFV5l3BL8Byol+YLkoLuT9PjaZs9RYv+FGfeg==}

  mjml-raw@4.18.0:
    resolution: {integrity: sha512-F/kViAwXm3ccPP52kw++/mHQbcYbYYxC8JH15TZxH8GLVZkX5CGKgcBrHhDK7WoIlfEIsVRZ6IZdlHjH8vgyxw==}

  mjml-section@4.18.0:
    resolution: {integrity: sha512-bB8My9zvIEkTOxej+TrjEeaeRT0lsypGeRADtdrRZXeqUClkkuCnCXlsNKSLGT8ZRqjUqWRc5z8ubDOvGk2+Gg==}

  mjml-social@4.18.0:
    resolution: {integrity: sha512-iAQc9g59L6L3VHDd55BxeIvk/zHkxflxmvuyYyOOvpmmKAvUBC//ULfpxiiM4yupofsThqFfrO+wc8d4kTRkbQ==}

  mjml-spacer@4.18.0:
    resolution: {integrity: sha512-FK/0f5IBiONgaRpwNBs7G8EbLdAbmYqcIfHR8O8tP4LipAChLQKHO9vX3vrRMGLBZZNTESLObcFSVWmA40Mfpw==}

  mjml-table@4.18.0:
    resolution: {integrity: sha512-vJysCPUL3CHcsQDAFpW+skzBtY0RYsmMBYswI4WX0B05GLKlOjXqpYOwcmAupWeGoBVL5r/t28ynu2PqnOlN3w==}

  mjml-text@4.18.0:
    resolution: {integrity: sha512-hBLmF3JgveUKktKQFWHqHAr7qr92j1CxAvq7mtpDUgiWgyPFzqRX8mUsFYgZ7DmRxG4UE+Kzpt8/YFd9+E98lw==}

  mjml-validator@4.18.0:
    resolution: {integrity: sha512-JmpWAsNTUlAxJOz2zHYfF8Vod8OzM3Qp5JXtrVw5tivZQzq88ZfqVGuqsas51z0pp1/ilfD4lC17YGfGwKGyhA==}

  mjml-wrapper@4.18.0:
    resolution: {integrity: sha512-TZeOvLjIhXEK60rjWNiYhEYNlv5GKYahE+96ifcT5OGkWkRA0DsQDfp+6VI32OS5VxsfKq2h/UdERPlQijjpAQ==}

  mjml@4.18.0:
    resolution: {integrity: sha512-rQM4aqFRrNvV1k733e8hJSopBjZvoSdBpRYzNTMAN+As0jqJsO5eN0wTT2IFtfe4PREzzu5b06RkPiUQdd0IIg==}
    hasBin: true

  no-case@2.3.2:
    resolution: {integrity: sha512-rmTZ9kz+f3rCvK2TD1Ue/oZlns7OGoIWP4fc3llxxRXlOkHKoWPPWJOfFYpITabSow43QJbRIoHQXtt10VldyQ==}

  node-fetch@2.7.0:
    resolution: {integrity: sha512-c4FRfUm/dbcWZ7U+1Wq0AwCyFL+3nt2bEw05wfxSz+DWpWsitgmSgYmy2dQdWyKC1694ELPqMs/YzUSNozLt8A==}
    engines: {node: 4.x || >=6.0.0}
    peerDependencies:
      encoding: ^0.1.0
    peerDependenciesMeta:
      encoding:
        optional: true

  nopt@7.2.1:
    resolution: {integrity: sha512-taM24ViiimT/XntxbPyJQzCG+p4EKOpgD3mxFwW38mGjVUrfERQOeY4EDHjdnptttfHuHQXFx+lTP08Q+mLa/w==}
    engines: {node: ^14.17.0 || ^16.13.0 || >=18.0.0}
    hasBin: true

  normalize-path@3.0.0:
    resolution: {integrity: sha512-6eZs5Ls3WtCisHWp9S2GUy8dqkpGi4BVSz3GaqiE6ezub0512ESztXUwUB6C6IKbQkY2Pnb/mD4WYojCRwcwLA==}
    engines: {node: '>=0.10.0'}

  nth-check@2.1.1:
    resolution: {integrity: sha512-lqjrjmaOoAnWfMmBPL+XNnynZh2+swxiX3WUE0s4yEHI6m+AwrK2UZOimIRl3X/4QctVqS8AiZjFqyOGrMXb/w==}

  package-json-from-dist@1.0.1:
    resolution: {integrity: sha512-UEZIS3/by4OC8vL3P2dTXRETpebLI2NiI5vIrjaD/5UtrkFX/tNbwjTSRAGC/+7CAo2pIcBaRgWmcBBHcsaCIw==}

  param-case@2.1.1:
    resolution: {integrity: sha512-eQE845L6ot89sk2N8liD8HAuH4ca6Vvr7VWAWwt7+kvvG5aBcPmmphQ68JsEG2qa9n1TykS2DLeMt363AAH8/w==}

  parse5-htmlparser2-tree-adapter@7.1.0:
    resolution: {integrity: sha512-ruw5xyKs6lrpo9x9rCZqZZnIUntICjQAd0Wsmp396Ul9lN/h+ifgVV1x1gZHi8euej6wTfpqX8j+BFQxF0NS/g==}

  parse5@7.3.0:
    resolution: {integrity: sha512-IInvU7fabl34qmi9gY8XOVxhYyMyuH2xUNpb2q8/Y+7552KlejkRvqvD19nMoUW/uQGGbqNpA6Tufu5FL5BZgw==}

  path-key@3.1.1:
    resolution: {integrity: sha512-ojmeN0qd+y0jszEtoY48r0Peq5dwMEkIlCOu6Q5f41lfkswXuKtYrhgoTpLnyIcHm24Uhqx+5Tqm2InSwLhE6Q==}
    engines: {node: '>=8'}

  path-scurry@1.11.1:
    resolution: {integrity: sha512-Xa4Nw17FS9ApQFJ9umLiJS4orGjm7ZzwUrwamcGQuHSzDyth9boKDaycYdDcZDuqYATXw4HFXgaqWTctW/v1HA==}
    engines: {node: '>=16 || 14 >=14.18'}

  picomatch@2.3.1:
    resolution: {integrity: sha512-JU3teHTNjmE2VCGFzuY8EXzCDVwEqB2a8fsIvwaStHhAWJEeVd1o1QD80CU6+ZdEXXSLbSsuLwJjkCBWqRQUVA==}
    engines: {node: '>=8.6'}

  proto-list@1.2.4:
    resolution: {integrity: sha512-vtK/94akxsTMhe0/cbfpR+syPuszcuwhqVjJq26CuNDgFGj682oRBXOP5MJpv2r7JtE8MsiepGIqvvOTBwn2vA==}

  readdirp@3.6.0:
    resolution: {integrity: sha512-hOS089on8RduqdbhvQ5Z37A0ESjsqz6qnRcffsMU3495FuTdqSm+7bhJ29JvIOsBDEEnan5DPu9t3To9VRlMzA==}
    engines: {node: '>=8.10.0'}

  relateurl@0.2.7:
    resolution: {integrity: sha512-G08Dxvm4iDN3MLM0EsP62EDV9IuhXPR6blNz6Utcp7zyV3tr4HVNINt6MpaRWbxoOHT3Q7YN2P+jaHX8vUbgog==}
    engines: {node: '>= 0.10'}

  require-directory@2.1.1:
    resolution: {integrity: sha512-fGxEI7+wsG9xrvdjsrlmL22OMTTiHRwAMroiEeMgq8gzoLC/PQr7RsRDSTLUg/bZAZtF+TVIkHc6/4RIKrui+Q==}
    engines: {node: '>=0.10.0'}

  semver@7.7.3:
    resolution: {integrity: sha512-SdsKMrI9TdgjdweUSR9MweHA4EJ8YxHn8DFaDisvhVlUOe4BF1tLD7GAj0lIqWVl+dPb/rExr0Btby5loQm20Q==}
    engines: {node: '>=10'}
    hasBin: true

  shebang-command@2.0.0:
    resolution: {integrity: sha512-kHxr2zZpYtdmrN1qDjrrX/Z1rR1kG8Dx+gkpK1G4eXmvXswmcE1hTWBWYUzlraYw1/yZp6YuDY77YtvbN0dmDA==}
    engines: {node: '>=8'}

  shebang-regex@3.0.0:
    resolution: {integrity: sha512-7++dFhtcx3353uBaq8DDR4NuxBetBzC7ZQOhmTQInHEd6bSrXdiEyzCvG07Z44UYdLShWUyXt5M/yhz8ekcb1A==}
    engines: {node: '>=8'}

  signal-exit@4.1.0:
    resolution: {integrity: sha512-bzyZ1e88w9O1iNJbKnOlvYTrWPDl46O1bG0D3XInv+9tkPrxrN8jUUTiFlDkkmKWgn1M6CfIA13SuGqOa9Korw==}
    engines: {node: '>=14'}

  slick@1.12.2:
    resolution: {integrity: sha512-4qdtOGcBjral6YIBCWJ0ljFSKNLz9KkhbWtuGvUyRowl1kxfuE1x/Z/aJcaiilpb3do9bl5K7/1h9XC5wWpY/A==}

  source-map@0.6.1:
    resolution: {integrity: sha512-UjgapumWlbMhkBgzT7Ykc5YXUT46F0iKu8SGXq0bcwP5dz/h0Plj6enJqjz1Zbq2l5WaqYnrVbwWOWMyF3F47g==}
    engines: {node: '>=0.10.0'}

  string-width@4.2.3:
    resolution: {integrity: sha512-wKyQRQpjJ0sIp62ErSZdGsjMJWsap5oRNihHhu6G7JVO/9jIB6UyevL+tXuOqrng8j/cxKTWyWUwvSTriiZz/g==}
    engines: {node: '>=8'}

  string-width@5.1.2:
    resolution: {integrity: sha512-HnLOCR3vjcY8beoNLtcjZ5/nxn2afmME6lhrDrebokqMap+XbeW8n9TXpPDOqdGK5qcI3oT0GKTW6wC7EMiVqA==}
    engines: {node: '>=12'}

  strip-ansi@6.0.1:
    resolution: {integrity: sha512-Y38VPSHcqkFrCpFnQ9vuSXmquuv5oXOKpGeT6aGrr3o3Gc9AlVa6JBfUSOCnbxGGZF+/0ooI7KrPuUSztUdU5A==}
    engines: {node: '>=8'}

  strip-ansi@7.1.2:
    resolution: {integrity: sha512-gmBGslpoQJtgnMAvOVqGZpEz9dyoKTCzy2nfz/n8aIFhN/jCE/rCmcxabB6jOOHV+0WNnylOxaxBQPSvcWklhA==}
    engines: {node: '>=12'}

  to-regex-range@5.0.1:
    resolution: {integrity: sha512-65P7iz6X5yEr1cwcgvQxbbIw7Uk3gOy5dIdtZ4rDveLqhrdJP+Li/Hx6tyK0NEb+2GCyneCMJiGqrADCSNk8sQ==}
    engines: {node: '>=8.0'}

  tr46@0.0.3:
    resolution: {integrity: sha512-N3WMsuqV66lT30CrXNbEjx4GEwlow3v6rr4mCcv6prnfwhS01rkgyFdjPNBYd9br7LpXV1+Emh01fHnq2Gdgrw==}

  uglify-js@3.19.3:
    resolution: {integrity: sha512-v3Xu+yuwBXisp6QYTcH4UbH+xYJXqnq2m/LtQVWKWzYc1iehYnLixoQDN9FH6/j9/oybfd6W9Ghwkl8+UMKTKQ==}
    engines: {node: '>=0.8.0'}
    hasBin: true

  upper-case@1.1.3:
    resolution: {integrity: sha512-WRbjgmYzgXkCV7zNVpy5YgrHgbBv126rMALQQMrmzOVC4GM2waQ9x7xtm8VU+1yF2kWyPzI9zbZ48n4vSxwfSA==}

  valid-data-url@3.0.1:
    resolution: {integrity: sha512-jOWVmzVceKlVVdwjNSenT4PbGghU0SBIizAev8ofZVgivk/TVHXSbNL8LP6M3spZvkR9/QolkyJavGSX5Cs0UA==}
    engines: {node: '>=10'}

  web-resource-inliner@6.0.1:
    resolution: {integrity: sha512-kfqDxt5dTB1JhqsCUQVFDj0rmY+4HLwGQIsLPbyrsN9y9WV/1oFDSx3BQ4GfCv9X+jVeQ7rouTqwK53rA/7t8A==}
    engines: {node: '>=10.0.0'}

  webidl-conversions@3.0.1:
    resolution: {integrity: sha512-2JAn3z8AR6rjK8Sm8orRC0h/bcl/DqL7tRPdGZ4I1CjdF+EaMLmYxBHyXuKL849eucPFhvBoxMsflfOb8kxaeQ==}

  whatwg-url@5.0.0:
    resolution: {integrity: sha512-saE57nupxk6v3HY35+jzBwYa0rKSy0XR8JSxZPwgLr7ys0IBzhGviA1/TUGJLmSVqs8pb9AnvICXEuOHLprYTw==}

  which@2.0.2:
    resolution: {integrity: sha512-BLI3Tl1TW3Pvl70l3yq3Y64i+awpwXqsGBYWkkqMtnbXgrMD+yj7rhW0kuEDxzJaYXGjEW5ogapKNMEKNMjibA==}
    engines: {node: '>= 8'}
    hasBin: true

  wrap-ansi@7.0.0:
    resolution: {integrity: sha512-YVGIj2kamLSTxw6NsZjoBxfSwsn0ycdesmc4p+Q21c5zPuZ1pl+NfxVdxPtdHvmNVOQ6XSYG4AUtyt/Fi7D16Q==}
    engines: {node: '>=10'}

  wrap-ansi@8.1.0:
    resolution: {integrity: sha512-si7QWI6zUMq56bESFvagtmzMdGOtoxfR+Sez11Mobfc7tm+VkUckk9bW2UeffTGVUbOksxmSw0AA2gs8g71NCQ==}
    engines: {node: '>=12'}

  y18n@5.0.8:
    resolution: {integrity: sha512-0pfFzegeDWJHJIAmTLRP2DwHjdF5s7jo9tuztdQxAhINCdvS+3nGINqPd00AphqJR/0LhANUS6/+7SCb98YOfA==}
    engines: {node: '>=10'}

  yargs-parser@21.1.1:
    resolution: {integrity: sha512-tVpsJW7DdjecAiFpbIB1e3qxIQsE6NoPc5/eTdrbbIC4h0LVsWhnoa3g+m2HclBIujHzsxZ4VJVA+GUuc2/LBw==}
    engines: {node: '>=12'}

  yargs@17.7.2:
    resolution: {integrity: sha512-7dSzzRQ++CKnNI/krKnYRV7JKKPUXMEh61soaHKg9mrWEhzFWhFnxPxGl+69cD1Ou63C13NUPCnmIcrvqCuM6w==}
    engines: {node: '>=12'}

snapshots:

  '@babel/runtime@7.28.4': {}

  '@isaacs/cliui@8.0.2':
    dependencies:
      string-width: 5.1.2
      string-width-cjs: string-width@4.2.3
      strip-ansi: 7.1.2
      strip-ansi-cjs: strip-ansi@6.0.1
      wrap-ansi: 8.1.0
      wrap-ansi-cjs: wrap-ansi@7.0.0

  '@one-ini/wasm@0.1.1': {}

  '@pkgjs/parseargs@0.11.0':
    optional: true

  abbrev@2.0.0: {}

  ansi-colors@4.1.3: {}

  ansi-regex@5.0.1: {}

  ansi-regex@6.2.2: {}

  ansi-styles@4.3.0:
    dependencies:
      color-convert: 2.0.1

  ansi-styles@6.2.3: {}

  anymatch@3.1.3:
    dependencies:
      normalize-path: 3.0.0
      picomatch: 2.3.1

  balanced-match@1.0.2: {}

  binary-extensions@2.3.0: {}

  boolbase@1.0.0: {}

  brace-expansion@2.0.2:
    dependencies:
      balanced-match: 1.0.2

  braces@3.0.3:
    dependencies:
      fill-range: 7.1.1

  camel-case@3.0.0:
    dependencies:
      no-case: 2.3.2
      upper-case: 1.1.3

  cheerio-select@2.1.0:
    dependencies:
      boolbase: 1.0.0
      css-select: 5.2.2
      css-what: 6.2.2
      domelementtype: 2.3.0
      domhandler: 5.0.3
      domutils: 3.2.2

  cheerio@1.0.0-rc.12:
    dependencies:
      cheerio-select: 2.1.0
      dom-serializer: 2.0.0
      domhandler: 5.0.3
      domutils: 3.2.2
      htmlparser2: 8.0.2
      parse5: 7.3.0
      parse5-htmlparser2-tree-adapter: 7.1.0

  chokidar@3.6.0:
    dependencies:
      anymatch: 3.1.3
      braces: 3.0.3
      glob-parent: 5.1.2
      is-binary-path: 2.1.0
      is-glob: 4.0.3
      normalize-path: 3.0.0
      readdirp: 3.6.0
    optionalDependencies:
      fsevents: 2.3.3

  clean-css@4.2.4:
    dependencies:
      source-map: 0.6.1

  cliui@8.0.1:
    dependencies:
      string-width: 4.2.3
      strip-ansi: 6.0.1
      wrap-ansi: 7.0.0

  color-convert@2.0.1:
    dependencies:
      color-name: 1.1.4

  color-name@1.1.4: {}

  commander@10.0.1: {}

  commander@2.20.3: {}

  commander@6.2.1: {}

  config-chain@1.1.13:
    dependencies:
      ini: 1.3.8
      proto-list: 1.2.4

  cross-spawn@7.0.6:
    dependencies:
      path-key: 3.1.1
      shebang-command: 2.0.0
      which: 2.0.2

  css-select@5.2.2:
    dependencies:
      boolbase: 1.0.0
      css-what: 6.2.2
      domhandler: 5.0.3
      domutils: 3.2.2
      nth-check: 2.1.1

  css-what@6.2.2: {}

  detect-node@2.1.0: {}

  dom-serializer@1.4.1:
    dependencies:
      domelementtype: 2.3.0
      domhandler: 4.3.1
      entities: 2.2.0

  dom-serializer@2.0.0:
    dependencies:
      domelementtype: 2.3.0
      domhandler: 5.0.3
      entities: 4.5.0

  domelementtype@2.3.0: {}

  domhandler@3.3.0:
    dependencies:
      domelementtype: 2.3.0

  domhandler@4.3.1:
    dependencies:
      domelementtype: 2.3.0

  domhandler@5.0.3:
    dependencies:
      domelementtype: 2.3.0

  domutils@2.8.0:
    dependencies:
      dom-serializer: 1.4.1
      domelementtype: 2.3.0
      domhandler: 4.3.1

  domutils@3.2.2:
    dependencies:
      dom-serializer: 2.0.0
      domelementtype: 2.3.0
      domhandler: 5.0.3

  eastasianwidth@0.2.0: {}

  editorconfig@1.0.4:
    dependencies:
      '@one-ini/wasm': 0.1.1
      commander: 10.0.1
      minimatch: 9.0.1
      semver: 7.7.3

  emoji-regex@8.0.0: {}

  emoji-regex@9.2.2: {}

  entities@2.2.0: {}

  entities@4.5.0: {}

  entities@6.0.1: {}

  escalade@3.2.0: {}

  escape-goat@3.0.0: {}

  fill-range@7.1.1:
    dependencies:
      to-regex-range: 5.0.1

  foreground-child@3.3.1:
    dependencies:
      cross-spawn: 7.0.6
      signal-exit: 4.1.0

  fsevents@2.3.3:
    optional: true

  get-caller-file@2.0.5: {}

  glob-parent@5.1.2:
    dependencies:
      is-glob: 4.0.3

  glob@10.5.0:
    dependencies:
      foreground-child: 3.3.1
      jackspeak: 3.4.3
      minimatch: 9.0.5
      minipass: 7.1.2
      package-json-from-dist: 1.0.1
      path-scurry: 1.11.1

  he@1.2.0: {}

  html-minifier@4.0.0:
    dependencies:
      camel-case: 3.0.0
      clean-css: 4.2.4
      commander: 2.20.3
      he: 1.2.0
      param-case: 2.1.1
      relateurl: 0.2.7
      uglify-js: 3.19.3

  htmlparser2@5.0.1:
    dependencies:
      domelementtype: 2.3.0
      domhandler: 3.3.0
      domutils: 2.8.0
      entities: 2.2.0

  htmlparser2@8.0.2:
    dependencies:
      domelementtype: 2.3.0
      domhandler: 5.0.3
      domutils: 3.2.2
      entities: 4.5.0

  htmlparser2@9.1.0:
    dependencies:
      domelementtype: 2.3.0
      domhandler: 5.0.3
      domutils: 3.2.2
      entities: 4.5.0

  ini@1.3.8: {}

  is-binary-path@2.1.0:
    dependencies:
      binary-extensions: 2.3.0

  is-extglob@2.1.1: {}

  is-fullwidth-code-point@3.0.0: {}

  is-glob@4.0.3:
    dependencies:
      is-extglob: 2.1.1

  is-number@7.0.0: {}

  isexe@2.0.0: {}

  jackspeak@3.4.3:
    dependencies:
      '@isaacs/cliui': 8.0.2
    optionalDependencies:
      '@pkgjs/parseargs': 0.11.0

  js-beautify@1.15.4:
    dependencies:
      config-chain: 1.1.13
      editorconfig: 1.0.4
      glob: 10.5.0
      js-cookie: 3.0.5
      nopt: 7.2.1

  js-cookie@3.0.5: {}

  juice@10.0.1:
    dependencies:
      cheerio: 1.0.0-rc.12
      commander: 6.2.1
      mensch: 0.3.4
      slick: 1.12.2
      web-resource-inliner: 6.0.1
    transitivePeerDependencies:
      - encoding

  lodash@4.17.21: {}

  lower-case@1.1.4: {}

  lru-cache@10.4.3: {}

  mensch@0.3.4: {}

  mime@2.6.0: {}

  minimatch@9.0.1:
    dependencies:
      brace-expansion: 2.0.2

  minimatch@9.0.5:
    dependencies:
      brace-expansion: 2.0.2

  minipass@7.1.2: {}

  mjml-accordion@4.18.0:
    dependencies:
      '@babel/runtime': 7.28.4
      lodash: 4.17.21
      mjml-core: 4.18.0
    transitivePeerDependencies:
      - encoding

  mjml-body@4.18.0:
    dependencies:
      '@babel/runtime': 7.28.4
      lodash: 4.17.21
      mjml-core: 4.18.0
    transitivePeerDependencies:
      - encoding

  mjml-button@4.18.0:
    dependencies:
      '@babel/runtime': 7.28.4
      lodash: 4.17.21
      mjml-core: 4.18.0
    transitivePeerDependencies:
      - encoding

  mjml-carousel@4.18.0:
    dependencies:
      '@babel/runtime': 7.28.4
      lodash: 4.17.21
      mjml-core: 4.18.0
    transitivePeerDependencies:
      - encoding

  mjml-cli@4.18.0:
    dependencies:
      '@babel/runtime': 7.28.4
      chokidar: 3.6.0
      glob: 10.5.0
      html-minifier: 4.0.0
      js-beautify: 1.15.4
      lodash: 4.17.21
      minimatch: 9.0.5
      mjml-core: 4.18.0
      mjml-migrate: 4.18.0
      mjml-parser-xml: 4.18.0
      mjml-validator: 4.18.0
      yargs: 17.7.2
    transitivePeerDependencies:
      - encoding

  mjml-column@4.18.0:
    dependencies:
      '@babel/runtime': 7.28.4
      lodash: 4.17.21
      mjml-core: 4.18.0
    transitivePeerDependencies:
      - encoding

  mjml-core@4.18.0:
    dependencies:
      '@babel/runtime': 7.28.4
      cheerio: 1.0.0-rc.12
      detect-node: 2.1.0
      html-minifier: 4.0.0
      js-beautify: 1.15.4
      juice: 10.0.1
      lodash: 4.17.21
      mjml-migrate: 4.18.0
      mjml-parser-xml: 4.18.0
      mjml-validator: 4.18.0
    transitivePeerDependencies:
      - encoding

  mjml-divider@4.18.0:
    dependencies:
      '@babel/runtime': 7.28.4
      lodash: 4.17.21
      mjml-core: 4.18.0
    transitivePeerDependencies:
      - encoding

  mjml-group@4.18.0:
    dependencies:
      '@babel/runtime': 7.28.4
      lodash: 4.17.21
      mjml-core: 4.18.0
    transitivePeerDependencies:
      - encoding

  mjml-head-attributes@4.18.0:
    dependencies:
      '@babel/runtime': 7.28.4
      lodash: 4.17.21
      mjml-core: 4.18.0
    transitivePeerDependencies:
      - encoding

  mjml-head-breakpoint@4.18.0:
    dependencies:
      '@babel/runtime': 7.28.4
      lodash: 4.17.21
      mjml-core: 4.18.0
    transitivePeerDependencies:
      - encoding

  mjml-head-font@4.18.0:
    dependencies:
      '@babel/runtime': 7.28.4
      lodash: 4.17.21
      mjml-core: 4.18.0
    transitivePeerDependencies:
      - encoding

  mjml-head-html-attributes@4.18.0:
    dependencies:
      '@babel/runtime': 7.28.4
      lodash: 4.17.21
      mjml-core: 4.18.0
    transitivePeerDependencies:
      - encoding

  mjml-head-preview@4.18.0:
    dependencies:
      '@babel/runtime': 7.28.4
      lodash: 4.17.21
      mjml-core: 4.18.0
    transitivePeerDependencies:
      - encoding

  mjml-head-style@4.18.0:
    dependencies:
      '@babel/runtime': 7.28.4
      lodash: 4.17.21
      mjml-core: 4.18.0
    transitivePeerDependencies:
      - encoding

  mjml-head-title@4.18.0:
    dependencies:
      '@babel/runtime': 7.28.4
      lodash: 4.17.21
      mjml-core: 4.18.0
    transitivePeerDependencies:
      - encoding

  mjml-head@4.18.0:
    dependencies:
      '@babel/runtime': 7.28.4
      lodash: 4.17.21
      mjml-core: 4.18.0
    transitivePeerDependencies:
      - encoding

  mjml-hero@4.18.0:
    dependencies:
      '@babel/runtime': 7.28.4
      lodash: 4.17.21
      mjml-core: 4.18.0
    transitivePeerDependencies:
      - encoding

  mjml-image@4.18.0:
    dependencies:
      '@babel/runtime': 7.28.4
      lodash: 4.17.21
      mjml-core: 4.18.0
    transitivePeerDependencies:
      - encoding

  mjml-migrate@4.18.0:
    dependencies:
      '@babel/runtime': 7.28.4
      js-beautify: 1.15.4
      lodash: 4.17.21
      mjml-core: 4.18.0
      mjml-parser-xml: 4.18.0
      yargs: 17.7.2
    transitivePeerDependencies:
      - encoding

  mjml-navbar@4.18.0:
    dependencies:
      '@babel/runtime': 7.28.4
      lodash: 4.17.21
      mjml-core: 4.18.0
    transitivePeerDependencies:
      - encoding

  mjml-parser-xml@4.18.0:
    dependencies:
      '@babel/runtime': 7.28.4
      detect-node: 2.1.0
      htmlparser2: 9.1.0
      lodash: 4.17.21

  mjml-preset-core@4.18.0:
    dependencies:
      '@babel/runtime': 7.28.4
      mjml-accordion: 4.18.0
      mjml-body: 4.18.0
      mjml-button: 4.18.0
      mjml-carousel: 4.18.0
      mjml-column: 4.18.0
      mjml-divider: 4.18.0
      mjml-group: 4.18.0
      mjml-head: 4.18.0
      mjml-head-attributes: 4.18.0
      mjml-head-breakpoint: 4.18.0
      mjml-head-font: 4.18.0
      mjml-head-html-attributes: 4.18.0
      mjml-head-preview: 4.18.0
      mjml-head-style: 4.18.0
      mjml-head-title: 4.18.0
      mjml-hero: 4.18.0
      mjml-image: 4.18.0
      mjml-navbar: 4.18.0
      mjml-raw: 4.18.0
      mjml-section: 4.18.0
      mjml-social: 4.18.0
      mjml-spacer: 4.18.0
      mjml-table: 4.18.0
      mjml-text: 4.18.0
      mjml-wrapper: 4.18.0
    transitivePeerDependencies:
      - encoding

  mjml-raw@4.18.0:
    dependencies:
      '@babel/runtime': 7.28.4
      lodash: 4.17.21
      mjml-core: 4.18.0
    transitivePeerDependencies:
      - encoding

  mjml-section@4.18.0:
    dependencies:
      '@babel/runtime': 7.28.4
      lodash: 4.17.21
      mjml-core: 4.18.0
    transitivePeerDependencies:
      - encoding

  mjml-social@4.18.0:
    dependencies:
      '@babel/runtime': 7.28.4
      lodash: 4.17.21
      mjml-core: 4.18.0
    transitivePeerDependencies:
      - encoding

  mjml-spacer@4.18.0:
    dependencies:
      '@babel/runtime': 7.28.4
      lodash: 4.17.21
      mjml-core: 4.18.0
    transitivePeerDependencies:
      - encoding

  mjml-table@4.18.0:
    dependencies:
      '@babel/runtime': 7.28.4
      lodash: 4.17.21
      mjml-core: 4.18.0
    transitivePeerDependencies:
      - encoding

  mjml-text@4.18.0:
    dependencies:
      '@babel/runtime': 7.28.4
      lodash: 4.17.21
      mjml-core: 4.18.0
    transitivePeerDependencies:
      - encoding

  mjml-validator@4.18.0:
    dependencies:
      '@babel/runtime': 7.28.4

  mjml-wrapper@4.18.0:
    dependencies:
      '@babel/runtime': 7.28.4
      lodash: 4.17.21
      mjml-core: 4.18.0
      mjml-section: 4.18.0
    transitivePeerDependencies:
      - encoding

  mjml@4.18.0:
    dependencies:
      '@babel/runtime': 7.28.4
      mjml-cli: 4.18.0
      mjml-core: 4.18.0
      mjml-migrate: 4.18.0
      mjml-preset-core: 4.18.0
      mjml-validator: 4.18.0
    transitivePeerDependencies:
      - encoding

  no-case@2.3.2:
    dependencies:
      lower-case: 1.1.4

  node-fetch@2.7.0:
    dependencies:
      whatwg-url: 5.0.0

  nopt@7.2.1:
    dependencies:
      abbrev: 2.0.0

  normalize-path@3.0.0: {}

  nth-check@2.1.1:
    dependencies:
      boolbase: 1.0.0

  package-json-from-dist@1.0.1: {}

  param-case@2.1.1:
    dependencies:
      no-case: 2.3.2

  parse5-htmlparser2-tree-adapter@7.1.0:
    dependencies:
      domhandler: 5.0.3
      parse5: 7.3.0

  parse5@7.3.0:
    dependencies:
      entities: 6.0.1

  path-key@3.1.1: {}

  path-scurry@1.11.1:
    dependencies:
      lru-cache: 10.4.3
      minipass: 7.1.2

  picomatch@2.3.1: {}

  proto-list@1.2.4: {}

  readdirp@3.6.0:
    dependencies:
      picomatch: 2.3.1

  relateurl@0.2.7: {}

  require-directory@2.1.1: {}

  semver@7.7.3: {}

  shebang-command@2.0.0:
    dependencies:
      shebang-regex: 3.0.0

  shebang-regex@3.0.0: {}

  signal-exit@4.1.0: {}

  slick@1.12.2: {}

  source-map@0.6.1: {}

  string-width@4.2.3:
    dependencies:
      emoji-regex: 8.0.0
      is-fullwidth-code-point: 3.0.0
      strip-ansi: 6.0.1

  string-width@5.1.2:
    dependencies:
      eastasianwidth: 0.2.0
      emoji-regex: 9.2.2
      strip-ansi: 7.1.2

  strip-ansi@6.0.1:
    dependencies:
      ansi-regex: 5.0.1

  strip-ansi@7.1.2:
    dependencies:
      ansi-regex: 6.2.2

  to-regex-range@5.0.1:
    dependencies:
      is-number: 7.0.0

  tr46@0.0.3: {}

  uglify-js@3.19.3: {}

  upper-case@1.1.3: {}

  valid-data-url@3.0.1: {}

  web-resource-inliner@6.0.1:
    dependencies:
      ansi-colors: 4.1.3
      escape-goat: 3.0.0
      htmlparser2: 5.0.1
      mime: 2.6.0
      node-fetch: 2.7.0
      valid-data-url: 3.0.1
    transitivePeerDependencies:
      - encoding

  webidl-conversions@3.0.1: {}

  whatwg-url@5.0.0:
    dependencies:
      tr46: 0.0.3
      webidl-conversions: 3.0.1

  which@2.0.2:
    dependencies:
      isexe: 2.0.0

  wrap-ansi@7.0.0:
    dependencies:
      ansi-styles: 4.3.0
      string-width: 4.2.3
      strip-ansi: 6.0.1

  wrap-ansi@8.1.0:
    dependencies:
      ansi-styles: 6.2.3
      string-width: 5.1.2
      strip-ansi: 7.1.2

  y18n@5.0.8: {}

  yargs-parser@21.1.1: {}

  yargs@17.7.2:
    dependencies:
      cliui: 8.0.1
      escalade: 3.2.0
      get-caller-file: 2.0.5
      require-directory: 2.1.1
      string-width: 4.2.3
      y18n: 5.0.8
      yargs-parser: 21.1.1
